// !$*UTF8*$!
{
	archiveVersion = 1;
	classes = {
	};
	objectVersion = 46;
	objects = {

/* Begin PBXBuildFile section */
		670F4528BA0F449257723D5F /* Pods_French_Verbs_QuizTests.framework in Frameworks */ = {isa = PBXBuildFile; fileRef = 1734F6A975394AF83AF7DA2B /* Pods_French_Verbs_QuizTests.framework */; };
		8E020A671DFC8DCB0075B180 /* VerbesFrancais.xcdatamodeld in Sources */ = {isa = PBXBuildFile; fileRef = 8E020A651DFC8DCB0075B180 /* VerbesFrancais.xcdatamodeld */; };
		8E020A761DFDCBF90075B180 /* ItemVerbe+CoreDataClass.swift in Sources */ = {isa = PBXBuildFile; fileRef = 8E020A741DFDCBF90075B180 /* ItemVerbe+CoreDataClass.swift */; };
		8E020A771DFDCBF90075B180 /* ItemVerbe+CoreDataProperties.swift in Sources */ = {isa = PBXBuildFile; fileRef = 8E020A751DFDCBF90075B180 /* ItemVerbe+CoreDataProperties.swift */; };
		8E020A791DFDE8FE0075B180 /* StatistiqueTableViewController.swift in Sources */ = {isa = PBXBuildFile; fileRef = 8E020A781DFDE8FE0075B180 /* StatistiqueTableViewController.swift */; };
		8E1155B21F7C41E400DB78AF /* LogoViewController.swift in Sources */ = {isa = PBXBuildFile; fileRef = 8E1155B11F7C41E400DB78AF /* LogoViewController.swift */; };
		8E1155B51F7D7E0D00DB78AF /* Acoustic Trio.wav in Resources */ = {isa = PBXBuildFile; fileRef = 8E1155B41F7D7E0D00DB78AF /* Acoustic Trio.wav */; };
		8E130B6C21D80C2D0072885C /* DictAvoirEtre.plist in Resources */ = {isa = PBXBuildFile; fileRef = 8E130B6B21D80C2D0072885C /* DictAvoirEtre.plist */; };
		8E130B6E21D824F30072885C /* Auxiliere.swift in Sources */ = {isa = PBXBuildFile; fileRef = 8E130B6D21D824F30072885C /* Auxiliere.swift */; };
		8E130B8C21E16FCC0072885C /* frenchVerbsList.plist in Resources */ = {isa = PBXBuildFile; fileRef = 8E130B8B21E16FCB0072885C /* frenchVerbsList.plist */; };
		8E1741EC21BED25C005DE317 /* FontsAndConstraintsOptions.swift in Sources */ = {isa = PBXBuildFile; fileRef = 8E1741EB21BED25C005DE317 /* FontsAndConstraintsOptions.swift */; };
		8E1741F021C5D541005DE317 /* QuizViewController.swift in Sources */ = {isa = PBXBuildFile; fileRef = 8E1741EF21C5D541005DE317 /* QuizViewController.swift */; };
		8E1B034226D5897D004F07A4 /* Localizable.strings in Resources */ = {isa = PBXBuildFile; fileRef = 8E1B034426D5897D004F07A4 /* Localizable.strings */; };
		8E1B036126D81070004F07A4 /* etc_error_drum.mp3 in Resources */ = {isa = PBXBuildFile; fileRef = 8E1B036026D81070004F07A4 /* etc_error_drum.mp3 */; };
		8E1B036626D8107A004F07A4 /* chime_clickbell_octave_up.mp3 in Resources */ = {isa = PBXBuildFile; fileRef = 8E1B036526D8107A004F07A4 /* chime_clickbell_octave_up.mp3 */; };
		8E23527C1F755CAF00C39936 /* TempsVerbesChoisisViewController.swift in Sources */ = {isa = PBXBuildFile; fileRef = 8E23527B1F755CAF00C39936 /* TempsVerbesChoisisViewController.swift */; };
		8E517D871DF1F63E00EA5087 /* VerbListViewController.swift in Sources */ = {isa = PBXBuildFile; fileRef = 8E517D861DF1F63E00EA5087 /* VerbListViewController.swift */; };
		8E517D891DF2631E00EA5087 /* tempsDeVerbeTableViewController.swift in Sources */ = {isa = PBXBuildFile; fileRef = 8E517D881DF2631E00EA5087 /* tempsDeVerbeTableViewController.swift */; };
		8E517D8B1DF3513300EA5087 /* FinalVerbeViewController.swift in Sources */ = {isa = PBXBuildFile; fileRef = 8E517D8A1DF3513300EA5087 /* FinalVerbeViewController.swift */; };
		8E517D8D1DF471EA00EA5087 /* QuizOptionsController.swift in Sources */ = {isa = PBXBuildFile; fileRef = 8E517D8C1DF471EA00EA5087 /* QuizOptionsController.swift */; };
		8E5EE06C1F7AF61400CC9869 /* FrenchEnglish.swift in Sources */ = {isa = PBXBuildFile; fileRef = 8E5EE06B1F7AF61400CC9869 /* FrenchEnglish.swift */; };
		8E6949D421BDC26800D6C3B2 /* ScreenDimension.swift in Sources */ = {isa = PBXBuildFile; fileRef = 8E6949D321BDC26800D6C3B2 /* ScreenDimension.swift */; };
		8E7124E8219DE35100A027FF /* ContextuelQuizOptionController.swift in Sources */ = {isa = PBXBuildFile; fileRef = 8E7124E7219DE35100A027FF /* ContextuelQuizOptionController.swift */; };
		8E7FC96F1DFB03D3005C397B /* ResultViewController.swift in Sources */ = {isa = PBXBuildFile; fileRef = 8E7FC96E1DFB03D3005C397B /* ResultViewController.swift */; };
		8E7FC9721DFB4299005C397B /* Error Warning.wav in Resources */ = {isa = PBXBuildFile; fileRef = 8E7FC9711DFB4299005C397B /* Error Warning.wav */; };
		8E7FC9741DFB42A0005C397B /* Incoming Text 01.wav in Resources */ = {isa = PBXBuildFile; fileRef = 8E7FC9731DFB42A0005C397B /* Incoming Text 01.wav */; };
		8E89C97421B8694A005998D3 /* TextFieldProperties.swift in Sources */ = {isa = PBXBuildFile; fileRef = 8E89C97321B8694A005998D3 /* TextFieldProperties.swift */; };
		8E89C97A21BD6B70005998D3 /* ChoixDeTempsViewController.swift in Sources */ = {isa = PBXBuildFile; fileRef = 8E89C97921BD6B70005998D3 /* ChoixDeTempsViewController.swift */; };
		8E91EAC81DF1CA1E008F39A9 /* AppDelegate.swift in Sources */ = {isa = PBXBuildFile; fileRef = 8E91EAC71DF1CA1E008F39A9 /* AppDelegate.swift */; };
		8E91EACD1DF1CA1E008F39A9 /* Main.storyboard in Resources */ = {isa = PBXBuildFile; fileRef = 8E91EACB1DF1CA1E008F39A9 /* Main.storyboard */; };
		8E91EACF1DF1CA1E008F39A9 /* Assets.xcassets in Resources */ = {isa = PBXBuildFile; fileRef = 8E91EACE1DF1CA1E008F39A9 /* Assets.xcassets */; };
		8E91EAD21DF1CA1E008F39A9 /* LaunchScreen.storyboard in Resources */ = {isa = PBXBuildFile; fileRef = 8E91EAD01DF1CA1E008F39A9 /* LaunchScreen.storyboard */; };
		8E91EADD1DF1CA1E008F39A9 /* French_Verbs_QuizTests.swift in Sources */ = {isa = PBXBuildFile; fileRef = 8E91EADC1DF1CA1E008F39A9 /* French_Verbs_QuizTests.swift */; };
		8E91EAE81DF1CA1E008F39A9 /* French_Verbs_QuizUITests.swift in Sources */ = {isa = PBXBuildFile; fileRef = 8E91EAE71DF1CA1E008F39A9 /* French_Verbs_QuizUITests.swift */; };
		8E91EAF81DF1D047008F39A9 /* OptionsViewController.swift in Sources */ = {isa = PBXBuildFile; fileRef = 8E91EAF71DF1D047008F39A9 /* OptionsViewController.swift */; };
		8E91EAFE1DF1D88A008F39A9 /* DataStructure.swift in Sources */ = {isa = PBXBuildFile; fileRef = 8E91EAFD1DF1D88A008F39A9 /* DataStructure.swift */; };
		8E9482621F5B265200D1F68F /* SpecificVerbViewController.swift in Sources */ = {isa = PBXBuildFile; fileRef = 8E9482611F5B265200D1F68F /* SpecificVerbViewController.swift */; };
		8EA209AC221499EC00DDCA09 /* CoreDataHandler.swift in Sources */ = {isa = PBXBuildFile; fileRef = 8EA209AB221499EB00DDCA09 /* CoreDataHandler.swift */; };
		8EA209AE2214D3C200DDCA09 /* VerbInfinitif.swift in Sources */ = {isa = PBXBuildFile; fileRef = 8EA209AD2214D3C200DDCA09 /* VerbInfinitif.swift */; };
		8EA209B02214D52200DDCA09 /* ModeAndTempStruct.swift in Sources */ = {isa = PBXBuildFile; fileRef = 8EA209AF2214D52100DDCA09 /* ModeAndTempStruct.swift */; };
		8EA209B22214D72000DDCA09 /* Verb.swift in Sources */ = {isa = PBXBuildFile; fileRef = 8EA209B12214D72000DDCA09 /* Verb.swift */; };
		8EA209B42214D7C500DDCA09 /* ChoixDuPronom.swift in Sources */ = {isa = PBXBuildFile; fileRef = 8EA209B32214D7C500DDCA09 /* ChoixDuPronom.swift */; };
		8EA209B62214D7EC00DDCA09 /* ChosenVerb.swift in Sources */ = {isa = PBXBuildFile; fileRef = 8EA209B52214D7EC00DDCA09 /* ChosenVerb.swift */; };
		8EA209B82215ED5E00DDCA09 /* QuizQuestion.swift in Sources */ = {isa = PBXBuildFile; fileRef = 8EA209B72215ED5E00DDCA09 /* QuizQuestion.swift */; };
		8EA209BA2215ED8100DDCA09 /* SelectVerbsForQuiz.swift in Sources */ = {isa = PBXBuildFile; fileRef = 8EA209B92215ED8100DDCA09 /* SelectVerbsForQuiz.swift */; };
		8EA209BC2215F03300DDCA09 /* SoundResponse.swift in Sources */ = {isa = PBXBuildFile; fileRef = 8EA209BB2215F03300DDCA09 /* SoundResponse.swift */; };
		8EA209BE2215F04700DDCA09 /* ResponseEvaluation.swift in Sources */ = {isa = PBXBuildFile; fileRef = 8EA209BD2215F04600DDCA09 /* ResponseEvaluation.swift */; };
		8EA209C0221A215300DDCA09 /* FetchRequest.swift in Sources */ = {isa = PBXBuildFile; fileRef = 8EA209BF221A215300DDCA09 /* FetchRequest.swift */; };
		8EA41F0521A0A584004D4D42 /* ConjugaisonContextuel.plist in Resources */ = {isa = PBXBuildFile; fileRef = 8EA41F0421A0A584004D4D42 /* ConjugaisonContextuel.plist */; };
		8EB91F1F1FACE73A00F18F3E /* GoogleService-Info.plist in Resources */ = {isa = PBXBuildFile; fileRef = 8EB91F1E1FACE73A00F18F3E /* GoogleService-Info.plist */; };
		8EB91F211FACE74B00F18F3E /* GoogleService-Info.plist in Resources */ = {isa = PBXBuildFile; fileRef = 8EB91F201FACE74B00F18F3E /* GoogleService-Info.plist */; };
		8EBCA0A721D040770029D94F /* StatistiqueViewCell.swift in Sources */ = {isa = PBXBuildFile; fileRef = 8EBCA0A621D040770029D94F /* StatistiqueViewCell.swift */; };
		8EBCA0AB21D2D8790029D94F /* GoogleService-Info.plist in Resources */ = {isa = PBXBuildFile; fileRef = 8EBCA0AA21D2D8790029D94F /* GoogleService-Info.plist */; };
		8EBCA0C121D41F830029D94F /* PieChartSetUp.swift in Sources */ = {isa = PBXBuildFile; fileRef = 8EBCA0C021D41F830029D94F /* PieChartSetUp.swift */; };
		8ECB6F1F21CD77AC00E60DE3 /* UnwindSegueChoice.swift in Sources */ = {isa = PBXBuildFile; fileRef = 8ECB6F1E21CD77AC00E60DE3 /* UnwindSegueChoice.swift */; };
		8EDC423621AB5BB500EE41D2 /* FrenchToEnglish.plist in Resources */ = {isa = PBXBuildFile; fileRef = 8EDC423521AB5BB400EE41D2 /* FrenchToEnglish.plist */; };
		8EDC423A21AC906100EE41D2 /* DifficultyLevel.swift in Sources */ = {isa = PBXBuildFile; fileRef = 8EDC423921AC906100EE41D2 /* DifficultyLevel.swift */; };
		8EDC423E21AF124D00EE41D2 /* ChoixFacileVerbeConjugue.swift in Sources */ = {isa = PBXBuildFile; fileRef = 8EDC423D21AF124D00EE41D2 /* ChoixFacileVerbeConjugue.swift */; };
		8EDC424021AF160B00EE41D2 /* Sentence.swift in Sources */ = {isa = PBXBuildFile; fileRef = 8EDC423F21AF160B00EE41D2 /* Sentence.swift */; };
		8EE9AB8626D3D2A200E1747C /* ExtensionCapitalizedFirstLetter.swift in Sources */ = {isa = PBXBuildFile; fileRef = 8EE9AB8526D3D2A200E1747C /* ExtensionCapitalizedFirstLetter.swift */; };
		8EE9AB8B26D3D3C300E1747C /* ContextuelQuizViewController.swift in Sources */ = {isa = PBXBuildFile; fileRef = 8EE9AB8A26D3D3C300E1747C /* ContextuelQuizViewController.swift */; };
		8EE9AB9026D3D42F00E1747C /* extensionLocalisation.swift in Sources */ = {isa = PBXBuildFile; fileRef = 8EE9AB8F26D3D42F00E1747C /* extensionLocalisation.swift */; };
		8EE9AB9526D3D45100E1747C /* SoundPlayer.swift in Sources */ = {isa = PBXBuildFile; fileRef = 8EE9AB9426D3D45100E1747C /* SoundPlayer.swift */; };
		8EE9AB9A26D3D47F00E1747C /* SoundOption.swift in Sources */ = {isa = PBXBuildFile; fileRef = 8EE9AB9926D3D47F00E1747C /* SoundOption.swift */; };
		8EE9AB9F26D4193900E1747C /* DetailStatTableViewController.swift in Sources */ = {isa = PBXBuildFile; fileRef = 8EE9AB9E26D4193900E1747C /* DetailStatTableViewController.swift */; };
		8EE9ABA426D4255A00E1747C /* FirstStatTableViewCell.swift in Sources */ = {isa = PBXBuildFile; fileRef = 8EE9ABA326D4255A00E1747C /* FirstStatTableViewCell.swift */; };
		8EE9ABA926D4267000E1747C /* FetchRequestForVerb.swift in Sources */ = {isa = PBXBuildFile; fileRef = 8EE9ABA826D4267000E1747C /* FetchRequestForVerb.swift */; };
		8EE9ABAE26D4267B00E1747C /* FetchResultFoeOneTemp.swift in Sources */ = {isa = PBXBuildFile; fileRef = 8EE9ABAD26D4267B00E1747C /* FetchResultFoeOneTemp.swift */; };
		D7F37A422166D54DF2DB564A /* Pods_French_Verbs_QuizUITests.framework in Frameworks */ = {isa = PBXBuildFile; fileRef = 4277F727F362EB5F8C4B63F0 /* Pods_French_Verbs_QuizUITests.framework */; };
		DE3A06A87EDE282B0EDDF2FA /* Pods_French_Verbs_Quiz.framework in Frameworks */ = {isa = PBXBuildFile; fileRef = EC82B46AA4BCA3583F3A823B /* Pods_French_Verbs_Quiz.framework */; };
/* End PBXBuildFile section */

/* Begin PBXContainerItemProxy section */
		8E91EAD91DF1CA1E008F39A9 /* PBXContainerItemProxy */ = {
			isa = PBXContainerItemProxy;
			containerPortal = 8E91EABC1DF1CA1E008F39A9 /* Project object */;
			proxyType = 1;
			remoteGlobalIDString = 8E91EAC31DF1CA1E008F39A9;
			remoteInfo = "French Verbs Quiz";
		};
		8E91EAE41DF1CA1E008F39A9 /* PBXContainerItemProxy */ = {
			isa = PBXContainerItemProxy;
			containerPortal = 8E91EABC1DF1CA1E008F39A9 /* Project object */;
			proxyType = 1;
			remoteGlobalIDString = 8E91EAC31DF1CA1E008F39A9;
			remoteInfo = "French Verbs Quiz";
		};
/* End PBXContainerItemProxy section */

/* Begin PBXFileReference section */
		0E18980F2CBFDA0D76D17C6C /* Pods-French Verbs QuizTests.release.xcconfig */ = {isa = PBXFileReference; includeInIndex = 1; lastKnownFileType = text.xcconfig; name = "Pods-French Verbs QuizTests.release.xcconfig"; path = "Pods/Target Support Files/Pods-French Verbs QuizTests/Pods-French Verbs QuizTests.release.xcconfig"; sourceTree = "<group>"; };
		0F01070EA9E01ABADE3CCCB3 /* Pods-French Verbs QuizUITests.debug.xcconfig */ = {isa = PBXFileReference; includeInIndex = 1; lastKnownFileType = text.xcconfig; name = "Pods-French Verbs QuizUITests.debug.xcconfig"; path = "Pods/Target Support Files/Pods-French Verbs QuizUITests/Pods-French Verbs QuizUITests.debug.xcconfig"; sourceTree = "<group>"; };
		149345F3D96631F167A82996 /* Pods-French Verbs Quiz.release.xcconfig */ = {isa = PBXFileReference; includeInIndex = 1; lastKnownFileType = text.xcconfig; name = "Pods-French Verbs Quiz.release.xcconfig"; path = "Pods/Target Support Files/Pods-French Verbs Quiz/Pods-French Verbs Quiz.release.xcconfig"; sourceTree = "<group>"; };
		1734F6A975394AF83AF7DA2B /* Pods_French_Verbs_QuizTests.framework */ = {isa = PBXFileReference; explicitFileType = wrapper.framework; includeInIndex = 0; path = Pods_French_Verbs_QuizTests.framework; sourceTree = BUILT_PRODUCTS_DIR; };
		4277F727F362EB5F8C4B63F0 /* Pods_French_Verbs_QuizUITests.framework */ = {isa = PBXFileReference; explicitFileType = wrapper.framework; includeInIndex = 0; path = Pods_French_Verbs_QuizUITests.framework; sourceTree = BUILT_PRODUCTS_DIR; };
		6C574F78FE770FFC6CBD0364 /* Pods-French Verbs QuizUITests.release.xcconfig */ = {isa = PBXFileReference; includeInIndex = 1; lastKnownFileType = text.xcconfig; name = "Pods-French Verbs QuizUITests.release.xcconfig"; path = "Pods/Target Support Files/Pods-French Verbs QuizUITests/Pods-French Verbs QuizUITests.release.xcconfig"; sourceTree = "<group>"; };
		8E020A661DFC8DCB0075B180 /* VerbesFrancais.xcdatamodel */ = {isa = PBXFileReference; lastKnownFileType = wrapper.xcdatamodel; path = VerbesFrancais.xcdatamodel; sourceTree = "<group>"; };
		8E020A741DFDCBF90075B180 /* ItemVerbe+CoreDataClass.swift */ = {isa = PBXFileReference; fileEncoding = 4; lastKnownFileType = sourcecode.swift; name = "ItemVerbe+CoreDataClass.swift"; path = "../ItemVerbe+CoreDataClass.swift"; sourceTree = "<group>"; };
		8E020A751DFDCBF90075B180 /* ItemVerbe+CoreDataProperties.swift */ = {isa = PBXFileReference; fileEncoding = 4; lastKnownFileType = sourcecode.swift; name = "ItemVerbe+CoreDataProperties.swift"; path = "../ItemVerbe+CoreDataProperties.swift"; sourceTree = "<group>"; };
		8E020A781DFDE8FE0075B180 /* StatistiqueTableViewController.swift */ = {isa = PBXFileReference; fileEncoding = 4; lastKnownFileType = sourcecode.swift; path = StatistiqueTableViewController.swift; sourceTree = "<group>"; };
		8E1155B11F7C41E400DB78AF /* LogoViewController.swift */ = {isa = PBXFileReference; lastKnownFileType = sourcecode.swift; path = LogoViewController.swift; sourceTree = "<group>"; };
		8E1155B41F7D7E0D00DB78AF /* Acoustic Trio.wav */ = {isa = PBXFileReference; lastKnownFileType = audio.wav; path = "Acoustic Trio.wav"; sourceTree = "<group>"; };
		8E130B6B21D80C2D0072885C /* DictAvoirEtre.plist */ = {isa = PBXFileReference; lastKnownFileType = text.plist.xml; path = DictAvoirEtre.plist; sourceTree = "<group>"; };
		8E130B6D21D824F30072885C /* Auxiliere.swift */ = {isa = PBXFileReference; lastKnownFileType = sourcecode.swift; path = Auxiliere.swift; sourceTree = "<group>"; };
		8E130B8B21E16FCB0072885C /* frenchVerbsList.plist */ = {isa = PBXFileReference; fileEncoding = 4; lastKnownFileType = text.plist.xml; path = frenchVerbsList.plist; sourceTree = "<group>"; };
		8E1741EB21BED25C005DE317 /* FontsAndConstraintsOptions.swift */ = {isa = PBXFileReference; lastKnownFileType = sourcecode.swift; path = FontsAndConstraintsOptions.swift; sourceTree = "<group>"; };
		8E1741EF21C5D541005DE317 /* QuizViewController.swift */ = {isa = PBXFileReference; lastKnownFileType = sourcecode.swift; path = QuizViewController.swift; sourceTree = "<group>"; };
		8E1B034326D5897D004F07A4 /* en */ = {isa = PBXFileReference; lastKnownFileType = text.plist.strings; name = en; path = en.lproj/Localizable.strings; sourceTree = "<group>"; };
		8E1B034826D589C3004F07A4 /* fr */ = {isa = PBXFileReference; lastKnownFileType = text.plist.strings; name = fr; path = fr.lproj/Main.strings; sourceTree = "<group>"; };
		8E1B034926D589C4004F07A4 /* fr */ = {isa = PBXFileReference; lastKnownFileType = text.plist.strings; name = fr; path = fr.lproj/LaunchScreen.strings; sourceTree = "<group>"; };
		8E1B034A26D589C4004F07A4 /* fr */ = {isa = PBXFileReference; lastKnownFileType = text.plist.strings; name = fr; path = fr.lproj/Localizable.strings; sourceTree = "<group>"; };
		8E1B034B26D58A02004F07A4 /* fr-CA */ = {isa = PBXFileReference; lastKnownFileType = text.plist.strings; name = "fr-CA"; path = "fr-CA.lproj/Main.strings"; sourceTree = "<group>"; };
		8E1B034C26D58A02004F07A4 /* fr-CA */ = {isa = PBXFileReference; lastKnownFileType = text.plist.strings; name = "fr-CA"; path = "fr-CA.lproj/LaunchScreen.strings"; sourceTree = "<group>"; };
		8E1B034D26D58A02004F07A4 /* fr-CA */ = {isa = PBXFileReference; lastKnownFileType = text.plist.strings; name = "fr-CA"; path = "fr-CA.lproj/Localizable.strings"; sourceTree = "<group>"; };
		8E1B034E26D58A0D004F07A4 /* es */ = {isa = PBXFileReference; lastKnownFileType = text.plist.strings; name = es; path = es.lproj/Main.strings; sourceTree = "<group>"; };
		8E1B034F26D58A0D004F07A4 /* es */ = {isa = PBXFileReference; lastKnownFileType = text.plist.strings; name = es; path = es.lproj/LaunchScreen.strings; sourceTree = "<group>"; };
		8E1B035026D58A0D004F07A4 /* es */ = {isa = PBXFileReference; lastKnownFileType = text.plist.strings; name = es; path = es.lproj/Localizable.strings; sourceTree = "<group>"; };
		8E1B035126D58A43004F07A4 /* es-419 */ = {isa = PBXFileReference; lastKnownFileType = text.plist.strings; name = "es-419"; path = "es-419.lproj/Main.strings"; sourceTree = "<group>"; };
		8E1B035226D58A43004F07A4 /* es-419 */ = {isa = PBXFileReference; lastKnownFileType = text.plist.strings; name = "es-419"; path = "es-419.lproj/LaunchScreen.strings"; sourceTree = "<group>"; };
		8E1B035326D58A44004F07A4 /* es-419 */ = {isa = PBXFileReference; lastKnownFileType = text.plist.strings; name = "es-419"; path = "es-419.lproj/Localizable.strings"; sourceTree = "<group>"; };
		8E1B035426D58A4E004F07A4 /* it */ = {isa = PBXFileReference; lastKnownFileType = text.plist.strings; name = it; path = it.lproj/Main.strings; sourceTree = "<group>"; };
		8E1B035526D58A4E004F07A4 /* it */ = {isa = PBXFileReference; lastKnownFileType = text.plist.strings; name = it; path = it.lproj/LaunchScreen.strings; sourceTree = "<group>"; };
		8E1B035626D58A4E004F07A4 /* it */ = {isa = PBXFileReference; lastKnownFileType = text.plist.strings; name = it; path = it.lproj/Localizable.strings; sourceTree = "<group>"; };
		8E1B035726D58A81004F07A4 /* en-GB */ = {isa = PBXFileReference; lastKnownFileType = text.plist.strings; name = "en-GB"; path = "en-GB.lproj/Main.strings"; sourceTree = "<group>"; };
		8E1B035826D58A81004F07A4 /* en-GB */ = {isa = PBXFileReference; lastKnownFileType = text.plist.strings; name = "en-GB"; path = "en-GB.lproj/LaunchScreen.strings"; sourceTree = "<group>"; };
		8E1B035926D58A81004F07A4 /* en-GB */ = {isa = PBXFileReference; lastKnownFileType = text.plist.strings; name = "en-GB"; path = "en-GB.lproj/Localizable.strings"; sourceTree = "<group>"; };
		8E1B035A26D58A97004F07A4 /* en-AU */ = {isa = PBXFileReference; lastKnownFileType = text.plist.strings; name = "en-AU"; path = "en-AU.lproj/Main.strings"; sourceTree = "<group>"; };
		8E1B035B26D58A98004F07A4 /* en-AU */ = {isa = PBXFileReference; lastKnownFileType = text.plist.strings; name = "en-AU"; path = "en-AU.lproj/LaunchScreen.strings"; sourceTree = "<group>"; };
		8E1B035C26D58A98004F07A4 /* en-AU */ = {isa = PBXFileReference; lastKnownFileType = text.plist.strings; name = "en-AU"; path = "en-AU.lproj/Localizable.strings"; sourceTree = "<group>"; };
		8E1B036026D81070004F07A4 /* etc_error_drum.mp3 */ = {isa = PBXFileReference; lastKnownFileType = audio.mp3; path = etc_error_drum.mp3; sourceTree = "<group>"; };
		8E1B036526D8107A004F07A4 /* chime_clickbell_octave_up.mp3 */ = {isa = PBXFileReference; lastKnownFileType = audio.mp3; path = chime_clickbell_octave_up.mp3; sourceTree = "<group>"; };
		8E23527B1F755CAF00C39936 /* TempsVerbesChoisisViewController.swift */ = {isa = PBXFileReference; lastKnownFileType = sourcecode.swift; path = TempsVerbesChoisisViewController.swift; sourceTree = "<group>"; };
		8E517D861DF1F63E00EA5087 /* VerbListViewController.swift */ = {isa = PBXFileReference; fileEncoding = 4; lastKnownFileType = sourcecode.swift; path = VerbListViewController.swift; sourceTree = "<group>"; };
		8E517D881DF2631E00EA5087 /* tempsDeVerbeTableViewController.swift */ = {isa = PBXFileReference; fileEncoding = 4; lastKnownFileType = sourcecode.swift; path = tempsDeVerbeTableViewController.swift; sourceTree = "<group>"; };
		8E517D8A1DF3513300EA5087 /* FinalVerbeViewController.swift */ = {isa = PBXFileReference; fileEncoding = 4; lastKnownFileType = sourcecode.swift; path = FinalVerbeViewController.swift; sourceTree = "<group>"; };
		8E517D8C1DF471EA00EA5087 /* QuizOptionsController.swift */ = {isa = PBXFileReference; fileEncoding = 4; lastKnownFileType = sourcecode.swift; path = QuizOptionsController.swift; sourceTree = "<group>"; };
		8E5EE06B1F7AF61400CC9869 /* FrenchEnglish.swift */ = {isa = PBXFileReference; lastKnownFileType = sourcecode.swift; path = FrenchEnglish.swift; sourceTree = "<group>"; };
		8E6949D321BDC26800D6C3B2 /* ScreenDimension.swift */ = {isa = PBXFileReference; lastKnownFileType = sourcecode.swift; path = ScreenDimension.swift; sourceTree = "<group>"; };
		8E7124E7219DE35100A027FF /* ContextuelQuizOptionController.swift */ = {isa = PBXFileReference; lastKnownFileType = sourcecode.swift; path = ContextuelQuizOptionController.swift; sourceTree = "<group>"; };
		8E7FC96E1DFB03D3005C397B /* ResultViewController.swift */ = {isa = PBXFileReference; fileEncoding = 4; lastKnownFileType = sourcecode.swift; path = ResultViewController.swift; sourceTree = "<group>"; };
		8E7FC9711DFB4299005C397B /* Error Warning.wav */ = {isa = PBXFileReference; lastKnownFileType = audio.wav; path = "Error Warning.wav"; sourceTree = "<group>"; };
		8E7FC9731DFB42A0005C397B /* Incoming Text 01.wav */ = {isa = PBXFileReference; lastKnownFileType = audio.wav; path = "Incoming Text 01.wav"; sourceTree = "<group>"; };
		8E896A2326DFF50B00DA410B /* en-US */ = {isa = PBXFileReference; lastKnownFileType = text.plist.strings; name = "en-US"; path = "en-US.lproj/Main.strings"; sourceTree = "<group>"; };
		8E896A2426DFF50D00DA410B /* en-US */ = {isa = PBXFileReference; lastKnownFileType = text.plist.strings; name = "en-US"; path = "en-US.lproj/LaunchScreen.strings"; sourceTree = "<group>"; };
		8E896A2526DFF50E00DA410B /* en-US */ = {isa = PBXFileReference; lastKnownFileType = text.plist.strings; name = "en-US"; path = "en-US.lproj/Localizable.strings"; sourceTree = "<group>"; };
		8E89C97321B8694A005998D3 /* TextFieldProperties.swift */ = {isa = PBXFileReference; lastKnownFileType = sourcecode.swift; path = TextFieldProperties.swift; sourceTree = "<group>"; };
		8E89C97921BD6B70005998D3 /* ChoixDeTempsViewController.swift */ = {isa = PBXFileReference; lastKnownFileType = sourcecode.swift; path = ChoixDeTempsViewController.swift; sourceTree = "<group>"; };
		8E91EAC41DF1CA1E008F39A9 /* French Verbs Quiz.app */ = {isa = PBXFileReference; explicitFileType = wrapper.application; includeInIndex = 0; path = "French Verbs Quiz.app"; sourceTree = BUILT_PRODUCTS_DIR; };
		8E91EAC71DF1CA1E008F39A9 /* AppDelegate.swift */ = {isa = PBXFileReference; lastKnownFileType = sourcecode.swift; path = AppDelegate.swift; sourceTree = "<group>"; };
		8E91EACC1DF1CA1E008F39A9 /* Base */ = {isa = PBXFileReference; lastKnownFileType = file.storyboard; name = Base; path = Base.lproj/Main.storyboard; sourceTree = "<group>"; };
		8E91EACE1DF1CA1E008F39A9 /* Assets.xcassets */ = {isa = PBXFileReference; lastKnownFileType = folder.assetcatalog; path = Assets.xcassets; sourceTree = "<group>"; };
		8E91EAD11DF1CA1E008F39A9 /* Base */ = {isa = PBXFileReference; lastKnownFileType = file.storyboard; name = Base; path = Base.lproj/LaunchScreen.storyboard; sourceTree = "<group>"; };
		8E91EAD31DF1CA1E008F39A9 /* Info.plist */ = {isa = PBXFileReference; lastKnownFileType = text.plist.xml; path = Info.plist; sourceTree = "<group>"; };
		8E91EAD81DF1CA1E008F39A9 /* French Verbs QuizTests.xctest */ = {isa = PBXFileReference; explicitFileType = wrapper.cfbundle; includeInIndex = 0; path = "French Verbs QuizTests.xctest"; sourceTree = BUILT_PRODUCTS_DIR; };
		8E91EADC1DF1CA1E008F39A9 /* French_Verbs_QuizTests.swift */ = {isa = PBXFileReference; lastKnownFileType = sourcecode.swift; path = French_Verbs_QuizTests.swift; sourceTree = "<group>"; };
		8E91EADE1DF1CA1E008F39A9 /* Info.plist */ = {isa = PBXFileReference; lastKnownFileType = text.plist.xml; path = Info.plist; sourceTree = "<group>"; };
		8E91EAE31DF1CA1E008F39A9 /* French Verbs QuizUITests.xctest */ = {isa = PBXFileReference; explicitFileType = wrapper.cfbundle; includeInIndex = 0; path = "French Verbs QuizUITests.xctest"; sourceTree = BUILT_PRODUCTS_DIR; };
		8E91EAE71DF1CA1E008F39A9 /* French_Verbs_QuizUITests.swift */ = {isa = PBXFileReference; lastKnownFileType = sourcecode.swift; path = French_Verbs_QuizUITests.swift; sourceTree = "<group>"; };
		8E91EAE91DF1CA1E008F39A9 /* Info.plist */ = {isa = PBXFileReference; lastKnownFileType = text.plist.xml; path = Info.plist; sourceTree = "<group>"; };
		8E91EAF71DF1D047008F39A9 /* OptionsViewController.swift */ = {isa = PBXFileReference; fileEncoding = 4; lastKnownFileType = sourcecode.swift; path = OptionsViewController.swift; sourceTree = "<group>"; };
		8E91EAFD1DF1D88A008F39A9 /* DataStructure.swift */ = {isa = PBXFileReference; fileEncoding = 4; lastKnownFileType = sourcecode.swift; path = DataStructure.swift; sourceTree = "<group>"; };
		8E9482611F5B265200D1F68F /* SpecificVerbViewController.swift */ = {isa = PBXFileReference; fileEncoding = 4; lastKnownFileType = sourcecode.swift; path = SpecificVerbViewController.swift; sourceTree = "<group>"; };
		8EA209AB221499EB00DDCA09 /* CoreDataHandler.swift */ = {isa = PBXFileReference; fileEncoding = 4; lastKnownFileType = sourcecode.swift; path = CoreDataHandler.swift; sourceTree = "<group>"; };
		8EA209AD2214D3C200DDCA09 /* VerbInfinitif.swift */ = {isa = PBXFileReference; fileEncoding = 4; lastKnownFileType = sourcecode.swift; path = VerbInfinitif.swift; sourceTree = "<group>"; };
		8EA209AF2214D52100DDCA09 /* ModeAndTempStruct.swift */ = {isa = PBXFileReference; fileEncoding = 4; lastKnownFileType = sourcecode.swift; path = ModeAndTempStruct.swift; sourceTree = "<group>"; };
		8EA209B12214D72000DDCA09 /* Verb.swift */ = {isa = PBXFileReference; fileEncoding = 4; lastKnownFileType = sourcecode.swift; path = Verb.swift; sourceTree = "<group>"; };
		8EA209B32214D7C500DDCA09 /* ChoixDuPronom.swift */ = {isa = PBXFileReference; fileEncoding = 4; lastKnownFileType = sourcecode.swift; path = ChoixDuPronom.swift; sourceTree = "<group>"; };
		8EA209B52214D7EC00DDCA09 /* ChosenVerb.swift */ = {isa = PBXFileReference; fileEncoding = 4; lastKnownFileType = sourcecode.swift; path = ChosenVerb.swift; sourceTree = "<group>"; };
		8EA209B72215ED5E00DDCA09 /* QuizQuestion.swift */ = {isa = PBXFileReference; fileEncoding = 4; lastKnownFileType = sourcecode.swift; path = QuizQuestion.swift; sourceTree = "<group>"; };
		8EA209B92215ED8100DDCA09 /* SelectVerbsForQuiz.swift */ = {isa = PBXFileReference; fileEncoding = 4; lastKnownFileType = sourcecode.swift; path = SelectVerbsForQuiz.swift; sourceTree = "<group>"; };
		8EA209BB2215F03300DDCA09 /* SoundResponse.swift */ = {isa = PBXFileReference; fileEncoding = 4; lastKnownFileType = sourcecode.swift; path = SoundResponse.swift; sourceTree = "<group>"; };
		8EA209BD2215F04600DDCA09 /* ResponseEvaluation.swift */ = {isa = PBXFileReference; fileEncoding = 4; lastKnownFileType = sourcecode.swift; path = ResponseEvaluation.swift; sourceTree = "<group>"; };
		8EA209BF221A215300DDCA09 /* FetchRequest.swift */ = {isa = PBXFileReference; lastKnownFileType = sourcecode.swift; path = FetchRequest.swift; sourceTree = "<group>"; };
		8EA41F0421A0A584004D4D42 /* ConjugaisonContextuel.plist */ = {isa = PBXFileReference; fileEncoding = 4; lastKnownFileType = text.plist.xml; path = ConjugaisonContextuel.plist; sourceTree = "<group>"; };
		8EB91F1E1FACE73A00F18F3E /* GoogleService-Info.plist */ = {isa = PBXFileReference; fileEncoding = 4; lastKnownFileType = text.plist.xml; path = "GoogleService-Info.plist"; sourceTree = "<group>"; };
		8EB91F201FACE74B00F18F3E /* GoogleService-Info.plist */ = {isa = PBXFileReference; fileEncoding = 4; lastKnownFileType = text.plist.xml; path = "GoogleService-Info.plist"; sourceTree = "<group>"; };
		8EBCA0A621D040770029D94F /* StatistiqueViewCell.swift */ = {isa = PBXFileReference; lastKnownFileType = sourcecode.swift; path = StatistiqueViewCell.swift; sourceTree = "<group>"; };
		8EBCA0AA21D2D8790029D94F /* GoogleService-Info.plist */ = {isa = PBXFileReference; fileEncoding = 4; lastKnownFileType = text.plist.xml; path = "GoogleService-Info.plist"; sourceTree = "<group>"; };
		8EBCA0C021D41F830029D94F /* PieChartSetUp.swift */ = {isa = PBXFileReference; lastKnownFileType = sourcecode.swift; path = PieChartSetUp.swift; sourceTree = "<group>"; };
		8ECB6F1E21CD77AC00E60DE3 /* UnwindSegueChoice.swift */ = {isa = PBXFileReference; lastKnownFileType = sourcecode.swift; path = UnwindSegueChoice.swift; sourceTree = "<group>"; };
		8EDC423521AB5BB400EE41D2 /* FrenchToEnglish.plist */ = {isa = PBXFileReference; fileEncoding = 4; lastKnownFileType = text.plist.xml; path = FrenchToEnglish.plist; sourceTree = "<group>"; };
		8EDC423921AC906100EE41D2 /* DifficultyLevel.swift */ = {isa = PBXFileReference; lastKnownFileType = sourcecode.swift; path = DifficultyLevel.swift; sourceTree = "<group>"; };
		8EDC423D21AF124D00EE41D2 /* ChoixFacileVerbeConjugue.swift */ = {isa = PBXFileReference; lastKnownFileType = sourcecode.swift; path = ChoixFacileVerbeConjugue.swift; sourceTree = "<group>"; };
		8EDC423F21AF160B00EE41D2 /* Sentence.swift */ = {isa = PBXFileReference; lastKnownFileType = sourcecode.swift; path = Sentence.swift; sourceTree = "<group>"; };
		8EE9AB8526D3D2A200E1747C /* ExtensionCapitalizedFirstLetter.swift */ = {isa = PBXFileReference; fileEncoding = 4; lastKnownFileType = sourcecode.swift; path = ExtensionCapitalizedFirstLetter.swift; sourceTree = "<group>"; };
		8EE9AB8A26D3D3C300E1747C /* ContextuelQuizViewController.swift */ = {isa = PBXFileReference; fileEncoding = 4; lastKnownFileType = sourcecode.swift; path = ContextuelQuizViewController.swift; sourceTree = "<group>"; };
		8EE9AB8F26D3D42F00E1747C /* extensionLocalisation.swift */ = {isa = PBXFileReference; fileEncoding = 4; lastKnownFileType = sourcecode.swift; path = extensionLocalisation.swift; sourceTree = "<group>"; };
		8EE9AB9426D3D45100E1747C /* SoundPlayer.swift */ = {isa = PBXFileReference; fileEncoding = 4; lastKnownFileType = sourcecode.swift; path = SoundPlayer.swift; sourceTree = "<group>"; };
		8EE9AB9926D3D47F00E1747C /* SoundOption.swift */ = {isa = PBXFileReference; fileEncoding = 4; lastKnownFileType = sourcecode.swift; path = SoundOption.swift; sourceTree = "<group>"; };
		8EE9AB9E26D4193900E1747C /* DetailStatTableViewController.swift */ = {isa = PBXFileReference; fileEncoding = 4; lastKnownFileType = sourcecode.swift; path = DetailStatTableViewController.swift; sourceTree = "<group>"; };
		8EE9ABA326D4255A00E1747C /* FirstStatTableViewCell.swift */ = {isa = PBXFileReference; fileEncoding = 4; lastKnownFileType = sourcecode.swift; path = FirstStatTableViewCell.swift; sourceTree = "<group>"; };
		8EE9ABA826D4267000E1747C /* FetchRequestForVerb.swift */ = {isa = PBXFileReference; fileEncoding = 4; lastKnownFileType = sourcecode.swift; path = FetchRequestForVerb.swift; sourceTree = "<group>"; };
		8EE9ABAD26D4267B00E1747C /* FetchResultFoeOneTemp.swift */ = {isa = PBXFileReference; fileEncoding = 4; lastKnownFileType = sourcecode.swift; path = FetchResultFoeOneTemp.swift; sourceTree = "<group>"; };
		B38DCB7CBB87CC5A7E455D94 /* Pods-French Verbs QuizTests.debug.xcconfig */ = {isa = PBXFileReference; includeInIndex = 1; lastKnownFileType = text.xcconfig; name = "Pods-French Verbs QuizTests.debug.xcconfig"; path = "Pods/Target Support Files/Pods-French Verbs QuizTests/Pods-French Verbs QuizTests.debug.xcconfig"; sourceTree = "<group>"; };
		E5880A0EE6F245A3BB9E1327 /* Pods-French Verbs Quiz.debug.xcconfig */ = {isa = PBXFileReference; includeInIndex = 1; lastKnownFileType = text.xcconfig; name = "Pods-French Verbs Quiz.debug.xcconfig"; path = "Pods/Target Support Files/Pods-French Verbs Quiz/Pods-French Verbs Quiz.debug.xcconfig"; sourceTree = "<group>"; };
		EC82B46AA4BCA3583F3A823B /* Pods_French_Verbs_Quiz.framework */ = {isa = PBXFileReference; explicitFileType = wrapper.framework; includeInIndex = 0; path = Pods_French_Verbs_Quiz.framework; sourceTree = BUILT_PRODUCTS_DIR; };
/* End PBXFileReference section */

/* Begin PBXFrameworksBuildPhase section */
		8E91EAC11DF1CA1E008F39A9 /* Frameworks */ = {
			isa = PBXFrameworksBuildPhase;
			buildActionMask = 2147483647;
			files = (
				DE3A06A87EDE282B0EDDF2FA /* Pods_French_Verbs_Quiz.framework in Frameworks */,
			);
			runOnlyForDeploymentPostprocessing = 0;
		};
		8E91EAD51DF1CA1E008F39A9 /* Frameworks */ = {
			isa = PBXFrameworksBuildPhase;
			buildActionMask = 2147483647;
			files = (
				670F4528BA0F449257723D5F /* Pods_French_Verbs_QuizTests.framework in Frameworks */,
			);
			runOnlyForDeploymentPostprocessing = 0;
		};
		8E91EAE01DF1CA1E008F39A9 /* Frameworks */ = {
			isa = PBXFrameworksBuildPhase;
			buildActionMask = 2147483647;
			files = (
				D7F37A422166D54DF2DB564A /* Pods_French_Verbs_QuizUITests.framework in Frameworks */,
			);
			runOnlyForDeploymentPostprocessing = 0;
		};
/* End PBXFrameworksBuildPhase section */

/* Begin PBXGroup section */
		12D6CA388536C097CD8F045C /* Frameworks */ = {
			isa = PBXGroup;
			children = (
				EC82B46AA4BCA3583F3A823B /* Pods_French_Verbs_Quiz.framework */,
				1734F6A975394AF83AF7DA2B /* Pods_French_Verbs_QuizTests.framework */,
				4277F727F362EB5F8C4B63F0 /* Pods_French_Verbs_QuizUITests.framework */,
			);
			name = Frameworks;
			sourceTree = "<group>";
		};
		8E7FC9701DFB421E005C397B /* sound */ = {
			isa = PBXGroup;
			children = (
				8EE9AB9426D3D45100E1747C /* SoundPlayer.swift */,
				8EE9AB9926D3D47F00E1747C /* SoundOption.swift */,
				8E1B036026D81070004F07A4 /* etc_error_drum.mp3 */,
				8E1155B41F7D7E0D00DB78AF /* Acoustic Trio.wav */,
				8E1B036526D8107A004F07A4 /* chime_clickbell_octave_up.mp3 */,
				8E7FC9731DFB42A0005C397B /* Incoming Text 01.wav */,
				8E7FC9711DFB4299005C397B /* Error Warning.wav */,
			);
			name = sound;
			sourceTree = "<group>";
		};
		8E91EABB1DF1CA1E008F39A9 = {
			isa = PBXGroup;
			children = (
				8E91EAC61DF1CA1E008F39A9 /* French Verbs Quiz */,
				8E91EADB1DF1CA1E008F39A9 /* French Verbs QuizTests */,
				8E91EAE61DF1CA1E008F39A9 /* French Verbs QuizUITests */,
				8E91EAC51DF1CA1E008F39A9 /* Products */,
				AA7A3123A318EF8B275C0110 /* Pods */,
				12D6CA388536C097CD8F045C /* Frameworks */,
			);
			sourceTree = "<group>";
		};
		8E91EAC51DF1CA1E008F39A9 /* Products */ = {
			isa = PBXGroup;
			children = (
				8E91EAC41DF1CA1E008F39A9 /* French Verbs Quiz.app */,
				8E91EAD81DF1CA1E008F39A9 /* French Verbs QuizTests.xctest */,
				8E91EAE31DF1CA1E008F39A9 /* French Verbs QuizUITests.xctest */,
			);
			name = Products;
			sourceTree = "<group>";
		};
		8E91EAC61DF1CA1E008F39A9 /* French Verbs Quiz */ = {
			isa = PBXGroup;
			children = (
				8E91EACB1DF1CA1E008F39A9 /* Main.storyboard */,
				8E91EAC71DF1CA1E008F39A9 /* AppDelegate.swift */,
				8EA41F0421A0A584004D4D42 /* ConjugaisonContextuel.plist */,
				8E130B8B21E16FCB0072885C /* frenchVerbsList.plist */,
				8E130B6B21D80C2D0072885C /* DictAvoirEtre.plist */,
				8EE9AB8526D3D2A200E1747C /* ExtensionCapitalizedFirstLetter.swift */,
				8EDC423521AB5BB400EE41D2 /* FrenchToEnglish.plist */,
				8E1B034426D5897D004F07A4 /* Localizable.strings */,
				8EA41F02219F6EBA004D4D42 /* IntroductionControllers */,
				8EA41F01219F6E1C004D4D42 /* ListeDeverbes */,
				8EC813001F717E140052F901 /* Quiz Controller */,
				8EA41F03219F6FB2004D4D42 /* ContextuelQuiz */,
				8EBCA0A321D03F3E0029D94F /* StatistiqueView */,
				8E1741EB21BED25C005DE317 /* FontsAndConstraintsOptions.swift */,
				8EA209AB221499EB00DDCA09 /* CoreDataHandler.swift */,
				8E6949D321BDC26800D6C3B2 /* ScreenDimension.swift */,
				8E91EACE1DF1CA1E008F39A9 /* Assets.xcassets */,
				8E7FC9701DFB421E005C397B /* sound */,
				8E020A651DFC8DCB0075B180 /* VerbesFrancais.xcdatamodeld */,
				8E91EAFD1DF1D88A008F39A9 /* DataStructure.swift */,
				8E020A751DFDCBF90075B180 /* ItemVerbe+CoreDataProperties.swift */,
				8E020A741DFDCBF90075B180 /* ItemVerbe+CoreDataClass.swift */,
				8E91EAD01DF1CA1E008F39A9 /* LaunchScreen.storyboard */,
				8EBCA0AA21D2D8790029D94F /* GoogleService-Info.plist */,
				8E91EAD31DF1CA1E008F39A9 /* Info.plist */,
				8EE9AB8F26D3D42F00E1747C /* extensionLocalisation.swift */,
			);
			path = "French Verbs Quiz";
			sourceTree = "<group>";
		};
		8E91EADB1DF1CA1E008F39A9 /* French Verbs QuizTests */ = {
			isa = PBXGroup;
			children = (
				8E91EADC1DF1CA1E008F39A9 /* French_Verbs_QuizTests.swift */,
				8E91EADE1DF1CA1E008F39A9 /* Info.plist */,
				8EB91F1E1FACE73A00F18F3E /* GoogleService-Info.plist */,
			);
			path = "French Verbs QuizTests";
			sourceTree = "<group>";
		};
		8E91EAE61DF1CA1E008F39A9 /* French Verbs QuizUITests */ = {
			isa = PBXGroup;
			children = (
				8E91EAE71DF1CA1E008F39A9 /* French_Verbs_QuizUITests.swift */,
				8E91EAE91DF1CA1E008F39A9 /* Info.plist */,
				8EB91F201FACE74B00F18F3E /* GoogleService-Info.plist */,
			);
			path = "French Verbs QuizUITests";
			sourceTree = "<group>";
		};
		8EA41F01219F6E1C004D4D42 /* ListeDeverbes */ = {
			isa = PBXGroup;
			children = (
				8E517D861DF1F63E00EA5087 /* VerbListViewController.swift */,
				8E517D881DF2631E00EA5087 /* tempsDeVerbeTableViewController.swift */,
				8E517D8A1DF3513300EA5087 /* FinalVerbeViewController.swift */,
				8EA209AD2214D3C200DDCA09 /* VerbInfinitif.swift */,
				8EA209AF2214D52100DDCA09 /* ModeAndTempStruct.swift */,
				8EA209B12214D72000DDCA09 /* Verb.swift */,
				8EA209B52214D7EC00DDCA09 /* ChosenVerb.swift */,
				8EA209B32214D7C500DDCA09 /* ChoixDuPronom.swift */,
			);
			name = ListeDeverbes;
			sourceTree = "<group>";
		};
		8EA41F02219F6EBA004D4D42 /* IntroductionControllers */ = {
			isa = PBXGroup;
			children = (
				8E1155B11F7C41E400DB78AF /* LogoViewController.swift */,
				8E91EAF71DF1D047008F39A9 /* OptionsViewController.swift */,
			);
			name = IntroductionControllers;
			sourceTree = "<group>";
		};
		8EA41F03219F6FB2004D4D42 /* ContextuelQuiz */ = {
			isa = PBXGroup;
			children = (
				8E7124E7219DE35100A027FF /* ContextuelQuizOptionController.swift */,
				8E89C97921BD6B70005998D3 /* ChoixDeTempsViewController.swift */,
				8EE9AB8A26D3D3C300E1747C /* ContextuelQuizViewController.swift */,
				8ECB6F1E21CD77AC00E60DE3 /* UnwindSegueChoice.swift */,
				8EDC423921AC906100EE41D2 /* DifficultyLevel.swift */,
				8EDC423D21AF124D00EE41D2 /* ChoixFacileVerbeConjugue.swift */,
				8EDC423F21AF160B00EE41D2 /* Sentence.swift */,
				8E89C97321B8694A005998D3 /* TextFieldProperties.swift */,
				8E130B6D21D824F30072885C /* Auxiliere.swift */,
			);
			name = ContextuelQuiz;
			sourceTree = "<group>";
		};
		8EBCA0A321D03F3E0029D94F /* StatistiqueView */ = {
			isa = PBXGroup;
			children = (
				8EE9AB9E26D4193900E1747C /* DetailStatTableViewController.swift */,
				8E020A781DFDE8FE0075B180 /* StatistiqueTableViewController.swift */,
				8EBCA0A621D040770029D94F /* StatistiqueViewCell.swift */,
				8EE9ABA326D4255A00E1747C /* FirstStatTableViewCell.swift */,
				8EBCA0C021D41F830029D94F /* PieChartSetUp.swift */,
				8EE9ABA826D4267000E1747C /* FetchRequestForVerb.swift */,
				8EE9ABAD26D4267B00E1747C /* FetchResultFoeOneTemp.swift */,
				8EA209BF221A215300DDCA09 /* FetchRequest.swift */,
			);
			name = StatistiqueView;
			sourceTree = "<group>";
		};
		8EC813001F717E140052F901 /* Quiz Controller */ = {
			isa = PBXGroup;
			children = (
				8E517D8C1DF471EA00EA5087 /* QuizOptionsController.swift */,
				8E9482611F5B265200D1F68F /* SpecificVerbViewController.swift */,
				8E1741EF21C5D541005DE317 /* QuizViewController.swift */,
				8E7FC96E1DFB03D3005C397B /* ResultViewController.swift */,
				8E23527B1F755CAF00C39936 /* TempsVerbesChoisisViewController.swift */,
				8EA209B72215ED5E00DDCA09 /* QuizQuestion.swift */,
				8EA209B92215ED8100DDCA09 /* SelectVerbsForQuiz.swift */,
				8EA209BB2215F03300DDCA09 /* SoundResponse.swift */,
				8EA209BD2215F04600DDCA09 /* ResponseEvaluation.swift */,
				8E5EE06B1F7AF61400CC9869 /* FrenchEnglish.swift */,
			);
			name = "Quiz Controller";
			sourceTree = "<group>";
		};
		AA7A3123A318EF8B275C0110 /* Pods */ = {
			isa = PBXGroup;
			children = (
				E5880A0EE6F245A3BB9E1327 /* Pods-French Verbs Quiz.debug.xcconfig */,
				149345F3D96631F167A82996 /* Pods-French Verbs Quiz.release.xcconfig */,
				B38DCB7CBB87CC5A7E455D94 /* Pods-French Verbs QuizTests.debug.xcconfig */,
				0E18980F2CBFDA0D76D17C6C /* Pods-French Verbs QuizTests.release.xcconfig */,
				0F01070EA9E01ABADE3CCCB3 /* Pods-French Verbs QuizUITests.debug.xcconfig */,
				6C574F78FE770FFC6CBD0364 /* Pods-French Verbs QuizUITests.release.xcconfig */,
			);
			name = Pods;
			sourceTree = "<group>";
		};
/* End PBXGroup section */

/* Begin PBXNativeTarget section */
		8E91EAC31DF1CA1E008F39A9 /* French Verbs Quiz */ = {
			isa = PBXNativeTarget;
			buildConfigurationList = 8E91EAEC1DF1CA1E008F39A9 /* Build configuration list for PBXNativeTarget "French Verbs Quiz" */;
			buildPhases = (
				98968515D175EFF317BAB311 /* [CP] Check Pods Manifest.lock */,
				8E91EAC01DF1CA1E008F39A9 /* Sources */,
				8E91EAC11DF1CA1E008F39A9 /* Frameworks */,
				8E91EAC21DF1CA1E008F39A9 /* Resources */,
				B55C8E24AF76A2942A8E7BE0 /* [CP] Embed Pods Frameworks */,
			);
			buildRules = (
			);
			dependencies = (
			);
			name = "French Verbs Quiz";
			productName = "French Verbs Quiz";
			productReference = 8E91EAC41DF1CA1E008F39A9 /* French Verbs Quiz.app */;
			productType = "com.apple.product-type.application";
		};
		8E91EAD71DF1CA1E008F39A9 /* French Verbs QuizTests */ = {
			isa = PBXNativeTarget;
			buildConfigurationList = 8E91EAEF1DF1CA1E008F39A9 /* Build configuration list for PBXNativeTarget "French Verbs QuizTests" */;
			buildPhases = (
				0610FC44AE146F33486E2F3C /* [CP] Check Pods Manifest.lock */,
				8E91EAD41DF1CA1E008F39A9 /* Sources */,
				8E91EAD51DF1CA1E008F39A9 /* Frameworks */,
				8E91EAD61DF1CA1E008F39A9 /* Resources */,
			);
			buildRules = (
			);
			dependencies = (
				8E91EADA1DF1CA1E008F39A9 /* PBXTargetDependency */,
			);
			name = "French Verbs QuizTests";
			productName = "French Verbs QuizTests";
			productReference = 8E91EAD81DF1CA1E008F39A9 /* French Verbs QuizTests.xctest */;
			productType = "com.apple.product-type.bundle.unit-test";
		};
		8E91EAE21DF1CA1E008F39A9 /* French Verbs QuizUITests */ = {
			isa = PBXNativeTarget;
			buildConfigurationList = 8E91EAF21DF1CA1E008F39A9 /* Build configuration list for PBXNativeTarget "French Verbs QuizUITests" */;
			buildPhases = (
				2128744E59E3ABCDF42D532E /* [CP] Check Pods Manifest.lock */,
				8E91EADF1DF1CA1E008F39A9 /* Sources */,
				8E91EAE01DF1CA1E008F39A9 /* Frameworks */,
				8E91EAE11DF1CA1E008F39A9 /* Resources */,
			);
			buildRules = (
			);
			dependencies = (
				8E91EAE51DF1CA1E008F39A9 /* PBXTargetDependency */,
			);
			name = "French Verbs QuizUITests";
			productName = "French Verbs QuizUITests";
			productReference = 8E91EAE31DF1CA1E008F39A9 /* French Verbs QuizUITests.xctest */;
			productType = "com.apple.product-type.bundle.ui-testing";
		};
/* End PBXNativeTarget section */

/* Begin PBXProject section */
		8E91EABC1DF1CA1E008F39A9 /* Project object */ = {
			isa = PBXProject;
			attributes = {
				LastSwiftUpdateCheck = 0810;
				LastUpgradeCheck = 1200;
				ORGANIZATIONNAME = "Normand Martin";
				TargetAttributes = {
					8E91EAC31DF1CA1E008F39A9 = {
						CreatedOnToolsVersion = 8.1;
						DevelopmentTeam = X6D769Z7F4;
						LastSwiftMigration = 1020;
						ProvisioningStyle = Automatic;
					};
					8E91EAD71DF1CA1E008F39A9 = {
						CreatedOnToolsVersion = 8.1;
						DevelopmentTeam = X6D769Z7F4;
						LastSwiftMigration = 1020;
						ProvisioningStyle = Automatic;
						TestTargetID = 8E91EAC31DF1CA1E008F39A9;
					};
					8E91EAE21DF1CA1E008F39A9 = {
						CreatedOnToolsVersion = 8.1;
						DevelopmentTeam = X6D769Z7F4;
						LastSwiftMigration = 1020;
						ProvisioningStyle = Automatic;
						TestTargetID = 8E91EAC31DF1CA1E008F39A9;
					};
				};
			};
			buildConfigurationList = 8E91EABF1DF1CA1E008F39A9 /* Build configuration list for PBXProject "French Verbs Quiz" */;
			compatibilityVersion = "Xcode 3.2";
			developmentRegion = en;
			hasScannedForEncodings = 0;
			knownRegions = (
				en,
				Base,
				fr,
				"fr-CA",
				es,
				"es-419",
				it,
				"en-GB",
				"en-AU",
				"en-US",
			);
			mainGroup = 8E91EABB1DF1CA1E008F39A9;
			productRefGroup = 8E91EAC51DF1CA1E008F39A9 /* Products */;
			projectDirPath = "";
			projectRoot = "";
			targets = (
				8E91EAC31DF1CA1E008F39A9 /* French Verbs Quiz */,
				8E91EAD71DF1CA1E008F39A9 /* French Verbs QuizTests */,
				8E91EAE21DF1CA1E008F39A9 /* French Verbs QuizUITests */,
			);
		};
/* End PBXProject section */

/* Begin PBXResourcesBuildPhase section */
		8E91EAC21DF1CA1E008F39A9 /* Resources */ = {
			isa = PBXResourcesBuildPhase;
			buildActionMask = 2147483647;
			files = (
				8EA41F0521A0A584004D4D42 /* ConjugaisonContextuel.plist in Resources */,
				8E1B034226D5897D004F07A4 /* Localizable.strings in Resources */,
				8E7FC9721DFB4299005C397B /* Error Warning.wav in Resources */,
				8E91EAD21DF1CA1E008F39A9 /* LaunchScreen.storyboard in Resources */,
				8E7FC9741DFB42A0005C397B /* Incoming Text 01.wav in Resources */,
				8EDC423621AB5BB500EE41D2 /* FrenchToEnglish.plist in Resources */,
				8E91EACF1DF1CA1E008F39A9 /* Assets.xcassets in Resources */,
				8E130B6C21D80C2D0072885C /* DictAvoirEtre.plist in Resources */,
				8E130B8C21E16FCC0072885C /* frenchVerbsList.plist in Resources */,
				8EBCA0AB21D2D8790029D94F /* GoogleService-Info.plist in Resources */,
				8E1B036626D8107A004F07A4 /* chime_clickbell_octave_up.mp3 in Resources */,
				8E91EACD1DF1CA1E008F39A9 /* Main.storyboard in Resources */,
				8E1B036126D81070004F07A4 /* etc_error_drum.mp3 in Resources */,
				8E1155B51F7D7E0D00DB78AF /* Acoustic Trio.wav in Resources */,
			);
			runOnlyForDeploymentPostprocessing = 0;
		};
		8E91EAD61DF1CA1E008F39A9 /* Resources */ = {
			isa = PBXResourcesBuildPhase;
			buildActionMask = 2147483647;
			files = (
				8EB91F1F1FACE73A00F18F3E /* GoogleService-Info.plist in Resources */,
			);
			runOnlyForDeploymentPostprocessing = 0;
		};
		8E91EAE11DF1CA1E008F39A9 /* Resources */ = {
			isa = PBXResourcesBuildPhase;
			buildActionMask = 2147483647;
			files = (
				8EB91F211FACE74B00F18F3E /* GoogleService-Info.plist in Resources */,
			);
			runOnlyForDeploymentPostprocessing = 0;
		};
/* End PBXResourcesBuildPhase section */

/* Begin PBXShellScriptBuildPhase section */
		0610FC44AE146F33486E2F3C /* [CP] Check Pods Manifest.lock */ = {
			isa = PBXShellScriptBuildPhase;
			buildActionMask = 2147483647;
			files = (
			);
			inputPaths = (
				"${PODS_PODFILE_DIR_PATH}/Podfile.lock",
				"${PODS_ROOT}/Manifest.lock",
			);
			name = "[CP] Check Pods Manifest.lock";
			outputPaths = (
				"$(DERIVED_FILE_DIR)/Pods-French Verbs QuizTests-checkManifestLockResult.txt",
			);
			runOnlyForDeploymentPostprocessing = 0;
			shellPath = /bin/sh;
			shellScript = "diff \"${PODS_PODFILE_DIR_PATH}/Podfile.lock\" \"${PODS_ROOT}/Manifest.lock\" > /dev/null\nif [ $? != 0 ] ; then\n    # print error to STDERR\n    echo \"error: The sandbox is not in sync with the Podfile.lock. Run 'pod install' or update your CocoaPods installation.\" >&2\n    exit 1\nfi\n# This output is used by Xcode 'outputs' to avoid re-running this script phase.\necho \"SUCCESS\" > \"${SCRIPT_OUTPUT_FILE_0}\"\n";
			showEnvVarsInLog = 0;
		};
		2128744E59E3ABCDF42D532E /* [CP] Check Pods Manifest.lock */ = {
			isa = PBXShellScriptBuildPhase;
			buildActionMask = 2147483647;
			files = (
			);
			inputPaths = (
				"${PODS_PODFILE_DIR_PATH}/Podfile.lock",
				"${PODS_ROOT}/Manifest.lock",
			);
			name = "[CP] Check Pods Manifest.lock";
			outputPaths = (
				"$(DERIVED_FILE_DIR)/Pods-French Verbs QuizUITests-checkManifestLockResult.txt",
			);
			runOnlyForDeploymentPostprocessing = 0;
			shellPath = /bin/sh;
			shellScript = "diff \"${PODS_PODFILE_DIR_PATH}/Podfile.lock\" \"${PODS_ROOT}/Manifest.lock\" > /dev/null\nif [ $? != 0 ] ; then\n    # print error to STDERR\n    echo \"error: The sandbox is not in sync with the Podfile.lock. Run 'pod install' or update your CocoaPods installation.\" >&2\n    exit 1\nfi\n# This output is used by Xcode 'outputs' to avoid re-running this script phase.\necho \"SUCCESS\" > \"${SCRIPT_OUTPUT_FILE_0}\"\n";
			showEnvVarsInLog = 0;
		};
		98968515D175EFF317BAB311 /* [CP] Check Pods Manifest.lock */ = {
			isa = PBXShellScriptBuildPhase;
			buildActionMask = 2147483647;
			files = (
			);
			inputPaths = (
				"${PODS_PODFILE_DIR_PATH}/Podfile.lock",
				"${PODS_ROOT}/Manifest.lock",
			);
			name = "[CP] Check Pods Manifest.lock";
			outputPaths = (
				"$(DERIVED_FILE_DIR)/Pods-French Verbs Quiz-checkManifestLockResult.txt",
			);
			runOnlyForDeploymentPostprocessing = 0;
			shellPath = /bin/sh;
			shellScript = "diff \"${PODS_PODFILE_DIR_PATH}/Podfile.lock\" \"${PODS_ROOT}/Manifest.lock\" > /dev/null\nif [ $? != 0 ] ; then\n    # print error to STDERR\n    echo \"error: The sandbox is not in sync with the Podfile.lock. Run 'pod install' or update your CocoaPods installation.\" >&2\n    exit 1\nfi\n# This output is used by Xcode 'outputs' to avoid re-running this script phase.\necho \"SUCCESS\" > \"${SCRIPT_OUTPUT_FILE_0}\"\n";
			showEnvVarsInLog = 0;
		};
		B55C8E24AF76A2942A8E7BE0 /* [CP] Embed Pods Frameworks */ = {
			isa = PBXShellScriptBuildPhase;
			buildActionMask = 2147483647;
			files = (
			);
			inputPaths = (
				"${SRCROOT}/Pods/Target Support Files/Pods-French Verbs Quiz/Pods-French Verbs Quiz-frameworks.sh",
				"${BUILT_PRODUCTS_DIR}/Charts/Charts.framework",
			);
			name = "[CP] Embed Pods Frameworks";
			outputPaths = (
				"${TARGET_BUILD_DIR}/${FRAMEWORKS_FOLDER_PATH}/Charts.framework",
			);
			runOnlyForDeploymentPostprocessing = 0;
			shellPath = /bin/sh;
			shellScript = "\"${SRCROOT}/Pods/Target Support Files/Pods-French Verbs Quiz/Pods-French Verbs Quiz-frameworks.sh\"\n";
			showEnvVarsInLog = 0;
		};
/* End PBXShellScriptBuildPhase section */

/* Begin PBXSourcesBuildPhase section */
		8E91EAC01DF1CA1E008F39A9 /* Sources */ = {
			isa = PBXSourcesBuildPhase;
			buildActionMask = 2147483647;
			files = (
				8EA209C0221A215300DDCA09 /* FetchRequest.swift in Sources */,
				8E130B6E21D824F30072885C /* Auxiliere.swift in Sources */,
				8EE9AB9526D3D45100E1747C /* SoundPlayer.swift in Sources */,
				8EA209B62214D7EC00DDCA09 /* ChosenVerb.swift in Sources */,
				8E91EAFE1DF1D88A008F39A9 /* DataStructure.swift in Sources */,
				8E020A791DFDE8FE0075B180 /* StatistiqueTableViewController.swift in Sources */,
				8EDC423A21AC906100EE41D2 /* DifficultyLevel.swift in Sources */,
				8EDC423E21AF124D00EE41D2 /* ChoixFacileVerbeConjugue.swift in Sources */,
				8EE9AB9A26D3D47F00E1747C /* SoundOption.swift in Sources */,
				8E89C97A21BD6B70005998D3 /* ChoixDeTempsViewController.swift in Sources */,
				8EA209B42214D7C500DDCA09 /* ChoixDuPronom.swift in Sources */,
				8E6949D421BDC26800D6C3B2 /* ScreenDimension.swift in Sources */,
				8E23527C1F755CAF00C39936 /* TempsVerbesChoisisViewController.swift in Sources */,
				8EA209BA2215ED8100DDCA09 /* SelectVerbsForQuiz.swift in Sources */,
				8E020A761DFDCBF90075B180 /* ItemVerbe+CoreDataClass.swift in Sources */,
				8EE9ABAE26D4267B00E1747C /* FetchResultFoeOneTemp.swift in Sources */,
				8E517D871DF1F63E00EA5087 /* VerbListViewController.swift in Sources */,
				8EA209AE2214D3C200DDCA09 /* VerbInfinitif.swift in Sources */,
				8EA209BC2215F03300DDCA09 /* SoundResponse.swift in Sources */,
				8EE9AB9026D3D42F00E1747C /* extensionLocalisation.swift in Sources */,
				8E1155B21F7C41E400DB78AF /* LogoViewController.swift in Sources */,
				8E1741EC21BED25C005DE317 /* FontsAndConstraintsOptions.swift in Sources */,
				8EE9AB8B26D3D3C300E1747C /* ContextuelQuizViewController.swift in Sources */,
				8EBCA0A721D040770029D94F /* StatistiqueViewCell.swift in Sources */,
				8E517D8B1DF3513300EA5087 /* FinalVerbeViewController.swift in Sources */,
				8E517D891DF2631E00EA5087 /* tempsDeVerbeTableViewController.swift in Sources */,
				8E91EAC81DF1CA1E008F39A9 /* AppDelegate.swift in Sources */,
				8EA209AC221499EC00DDCA09 /* CoreDataHandler.swift in Sources */,
				8EE9ABA426D4255A00E1747C /* FirstStatTableViewCell.swift in Sources */,
				8E517D8D1DF471EA00EA5087 /* QuizOptionsController.swift in Sources */,
				8E7124E8219DE35100A027FF /* ContextuelQuizOptionController.swift in Sources */,
				8EBCA0C121D41F830029D94F /* PieChartSetUp.swift in Sources */,
				8E020A671DFC8DCB0075B180 /* VerbesFrancais.xcdatamodeld in Sources */,
				8ECB6F1F21CD77AC00E60DE3 /* UnwindSegueChoice.swift in Sources */,
				8EE9AB8626D3D2A200E1747C /* ExtensionCapitalizedFirstLetter.swift in Sources */,
				8E91EAF81DF1D047008F39A9 /* OptionsViewController.swift in Sources */,
				8EA209B82215ED5E00DDCA09 /* QuizQuestion.swift in Sources */,
				8E89C97421B8694A005998D3 /* TextFieldProperties.swift in Sources */,
				8EA209B22214D72000DDCA09 /* Verb.swift in Sources */,
				8E7FC96F1DFB03D3005C397B /* ResultViewController.swift in Sources */,
				8E9482621F5B265200D1F68F /* SpecificVerbViewController.swift in Sources */,
				8E1741F021C5D541005DE317 /* QuizViewController.swift in Sources */,
				8E5EE06C1F7AF61400CC9869 /* FrenchEnglish.swift in Sources */,
				8EA209B02214D52200DDCA09 /* ModeAndTempStruct.swift in Sources */,
				8EE9AB9F26D4193900E1747C /* DetailStatTableViewController.swift in Sources */,
				8EDC424021AF160B00EE41D2 /* Sentence.swift in Sources */,
				8EE9ABA926D4267000E1747C /* FetchRequestForVerb.swift in Sources */,
				8EA209BE2215F04700DDCA09 /* ResponseEvaluation.swift in Sources */,
				8E020A771DFDCBF90075B180 /* ItemVerbe+CoreDataProperties.swift in Sources */,
			);
			runOnlyForDeploymentPostprocessing = 0;
		};
		8E91EAD41DF1CA1E008F39A9 /* Sources */ = {
			isa = PBXSourcesBuildPhase;
			buildActionMask = 2147483647;
			files = (
				8E91EADD1DF1CA1E008F39A9 /* French_Verbs_QuizTests.swift in Sources */,
			);
			runOnlyForDeploymentPostprocessing = 0;
		};
		8E91EADF1DF1CA1E008F39A9 /* Sources */ = {
			isa = PBXSourcesBuildPhase;
			buildActionMask = 2147483647;
			files = (
				8E91EAE81DF1CA1E008F39A9 /* French_Verbs_QuizUITests.swift in Sources */,
			);
			runOnlyForDeploymentPostprocessing = 0;
		};
/* End PBXSourcesBuildPhase section */

/* Begin PBXTargetDependency section */
		8E91EADA1DF1CA1E008F39A9 /* PBXTargetDependency */ = {
			isa = PBXTargetDependency;
			target = 8E91EAC31DF1CA1E008F39A9 /* French Verbs Quiz */;
			targetProxy = 8E91EAD91DF1CA1E008F39A9 /* PBXContainerItemProxy */;
		};
		8E91EAE51DF1CA1E008F39A9 /* PBXTargetDependency */ = {
			isa = PBXTargetDependency;
			target = 8E91EAC31DF1CA1E008F39A9 /* French Verbs Quiz */;
			targetProxy = 8E91EAE41DF1CA1E008F39A9 /* PBXContainerItemProxy */;
		};
/* End PBXTargetDependency section */

/* Begin PBXVariantGroup section */
		8E1B034426D5897D004F07A4 /* Localizable.strings */ = {
			isa = PBXVariantGroup;
			children = (
				8E1B034326D5897D004F07A4 /* en */,
				8E1B034A26D589C4004F07A4 /* fr */,
				8E1B034D26D58A02004F07A4 /* fr-CA */,
				8E1B035026D58A0D004F07A4 /* es */,
				8E1B035326D58A44004F07A4 /* es-419 */,
				8E1B035626D58A4E004F07A4 /* it */,
				8E1B035926D58A81004F07A4 /* en-GB */,
				8E1B035C26D58A98004F07A4 /* en-AU */,
				8E896A2526DFF50E00DA410B /* en-US */,
			);
			name = Localizable.strings;
			sourceTree = "<group>";
		};
		8E91EACB1DF1CA1E008F39A9 /* Main.storyboard */ = {
			isa = PBXVariantGroup;
			children = (
				8E91EACC1DF1CA1E008F39A9 /* Base */,
				8E1B034826D589C3004F07A4 /* fr */,
				8E1B034B26D58A02004F07A4 /* fr-CA */,
				8E1B034E26D58A0D004F07A4 /* es */,
				8E1B035126D58A43004F07A4 /* es-419 */,
				8E1B035426D58A4E004F07A4 /* it */,
				8E1B035726D58A81004F07A4 /* en-GB */,
				8E1B035A26D58A97004F07A4 /* en-AU */,
				8E896A2326DFF50B00DA410B /* en-US */,
			);
			name = Main.storyboard;
			sourceTree = "<group>";
		};
		8E91EAD01DF1CA1E008F39A9 /* LaunchScreen.storyboard */ = {
			isa = PBXVariantGroup;
			children = (
				8E91EAD11DF1CA1E008F39A9 /* Base */,
				8E1B034926D589C4004F07A4 /* fr */,
				8E1B034C26D58A02004F07A4 /* fr-CA */,
				8E1B034F26D58A0D004F07A4 /* es */,
				8E1B035226D58A43004F07A4 /* es-419 */,
				8E1B035526D58A4E004F07A4 /* it */,
				8E1B035826D58A81004F07A4 /* en-GB */,
				8E1B035B26D58A98004F07A4 /* en-AU */,
				8E896A2426DFF50D00DA410B /* en-US */,
			);
			name = LaunchScreen.storyboard;
			sourceTree = "<group>";
		};
/* End PBXVariantGroup section */

/* Begin XCBuildConfiguration section */
		8E91EAEA1DF1CA1E008F39A9 /* Debug */ = {
			isa = XCBuildConfiguration;
			buildSettings = {
				ALWAYS_SEARCH_USER_PATHS = NO;
				CLANG_ANALYZER_LOCALIZABILITY_NONLOCALIZED = YES;
				CLANG_ANALYZER_NONNULL = YES;
				CLANG_CXX_LANGUAGE_STANDARD = "gnu++0x";
				CLANG_CXX_LIBRARY = "libc++";
				CLANG_ENABLE_MODULES = YES;
				CLANG_ENABLE_OBJC_ARC = YES;
				CLANG_WARN_BLOCK_CAPTURE_AUTORELEASING = YES;
				CLANG_WARN_BOOL_CONVERSION = YES;
				CLANG_WARN_COMMA = YES;
				CLANG_WARN_CONSTANT_CONVERSION = YES;
				CLANG_WARN_DEPRECATED_OBJC_IMPLEMENTATIONS = YES;
				CLANG_WARN_DIRECT_OBJC_ISA_USAGE = YES_ERROR;
				CLANG_WARN_DOCUMENTATION_COMMENTS = YES;
				CLANG_WARN_EMPTY_BODY = YES;
				CLANG_WARN_ENUM_CONVERSION = YES;
				CLANG_WARN_INFINITE_RECURSION = YES;
				CLANG_WARN_INT_CONVERSION = YES;
				CLANG_WARN_NON_LITERAL_NULL_CONVERSION = YES;
				CLANG_WARN_OBJC_IMPLICIT_RETAIN_SELF = YES;
				CLANG_WARN_OBJC_LITERAL_CONVERSION = YES;
				CLANG_WARN_OBJC_ROOT_CLASS = YES_ERROR;
				CLANG_WARN_QUOTED_INCLUDE_IN_FRAMEWORK_HEADER = YES;
				CLANG_WARN_RANGE_LOOP_ANALYSIS = YES;
				CLANG_WARN_STRICT_PROTOTYPES = YES;
				CLANG_WARN_SUSPICIOUS_MOVE = YES;
				CLANG_WARN_SUSPICIOUS_MOVES = YES;
				CLANG_WARN_UNREACHABLE_CODE = YES;
				CLANG_WARN__DUPLICATE_METHOD_MATCH = YES;
				"CODE_SIGN_IDENTITY[sdk=iphoneos*]" = "";
				COPY_PHASE_STRIP = NO;
				DEBUG_INFORMATION_FORMAT = dwarf;
				DEVELOPMENT_TEAM = X6D769Z7F4;
				ENABLE_STRICT_OBJC_MSGSEND = YES;
				ENABLE_TESTABILITY = YES;
				GCC_C_LANGUAGE_STANDARD = gnu99;
				GCC_DYNAMIC_NO_PIC = NO;
				GCC_NO_COMMON_BLOCKS = YES;
				GCC_OPTIMIZATION_LEVEL = 0;
				GCC_PREPROCESSOR_DEFINITIONS = (
					"DEBUG=1",
					"$(inherited)",
				);
				GCC_WARN_64_TO_32_BIT_CONVERSION = YES;
				GCC_WARN_ABOUT_RETURN_TYPE = YES_ERROR;
				GCC_WARN_UNDECLARED_SELECTOR = YES;
				GCC_WARN_UNINITIALIZED_AUTOS = YES_AGGRESSIVE;
				GCC_WARN_UNUSED_FUNCTION = YES;
				GCC_WARN_UNUSED_VARIABLE = YES;
				IPHONEOS_DEPLOYMENT_TARGET = 12.0;
				MTL_ENABLE_DEBUG_INFO = YES;
				ONLY_ACTIVE_ARCH = YES;
				SDKROOT = iphoneos;
				SWIFT_ACTIVE_COMPILATION_CONDITIONS = DEBUG;
				SWIFT_OPTIMIZATION_LEVEL = "-Onone";
				SWIFT_REFLECTION_METADATA_LEVEL = all;
				SWIFT_SWIFT3_OBJC_INFERENCE = Default;
				TARGETED_DEVICE_FAMILY = "1,2";
			};
			name = Debug;
		};
		8E91EAEB1DF1CA1E008F39A9 /* Release */ = {
			isa = XCBuildConfiguration;
			buildSettings = {
				ALWAYS_SEARCH_USER_PATHS = NO;
				CLANG_ANALYZER_LOCALIZABILITY_NONLOCALIZED = YES;
				CLANG_ANALYZER_NONNULL = YES;
				CLANG_CXX_LANGUAGE_STANDARD = "gnu++0x";
				CLANG_CXX_LIBRARY = "libc++";
				CLANG_ENABLE_MODULES = YES;
				CLANG_ENABLE_OBJC_ARC = YES;
				CLANG_WARN_BLOCK_CAPTURE_AUTORELEASING = YES;
				CLANG_WARN_BOOL_CONVERSION = YES;
				CLANG_WARN_COMMA = YES;
				CLANG_WARN_CONSTANT_CONVERSION = YES;
				CLANG_WARN_DEPRECATED_OBJC_IMPLEMENTATIONS = YES;
				CLANG_WARN_DIRECT_OBJC_ISA_USAGE = YES_ERROR;
				CLANG_WARN_DOCUMENTATION_COMMENTS = YES;
				CLANG_WARN_EMPTY_BODY = YES;
				CLANG_WARN_ENUM_CONVERSION = YES;
				CLANG_WARN_INFINITE_RECURSION = YES;
				CLANG_WARN_INT_CONVERSION = YES;
				CLANG_WARN_NON_LITERAL_NULL_CONVERSION = YES;
				CLANG_WARN_OBJC_IMPLICIT_RETAIN_SELF = YES;
				CLANG_WARN_OBJC_LITERAL_CONVERSION = YES;
				CLANG_WARN_OBJC_ROOT_CLASS = YES_ERROR;
				CLANG_WARN_QUOTED_INCLUDE_IN_FRAMEWORK_HEADER = YES;
				CLANG_WARN_RANGE_LOOP_ANALYSIS = YES;
				CLANG_WARN_STRICT_PROTOTYPES = YES;
				CLANG_WARN_SUSPICIOUS_MOVE = YES;
				CLANG_WARN_SUSPICIOUS_MOVES = YES;
				CLANG_WARN_UNREACHABLE_CODE = YES;
				CLANG_WARN__DUPLICATE_METHOD_MATCH = YES;
				"CODE_SIGN_IDENTITY[sdk=iphoneos*]" = "";
				COPY_PHASE_STRIP = NO;
				DEBUG_INFORMATION_FORMAT = "dwarf-with-dsym";
				DEVELOPMENT_TEAM = X6D769Z7F4;
				ENABLE_NS_ASSERTIONS = NO;
				ENABLE_STRICT_OBJC_MSGSEND = YES;
				GCC_C_LANGUAGE_STANDARD = gnu99;
				GCC_NO_COMMON_BLOCKS = YES;
				GCC_WARN_64_TO_32_BIT_CONVERSION = YES;
				GCC_WARN_ABOUT_RETURN_TYPE = YES_ERROR;
				GCC_WARN_UNDECLARED_SELECTOR = YES;
				GCC_WARN_UNINITIALIZED_AUTOS = YES_AGGRESSIVE;
				GCC_WARN_UNUSED_FUNCTION = YES;
				GCC_WARN_UNUSED_VARIABLE = YES;
				IPHONEOS_DEPLOYMENT_TARGET = 12.0;
				MTL_ENABLE_DEBUG_INFO = NO;
				SDKROOT = iphoneos;
				SWIFT_OPTIMIZATION_LEVEL = "-Owholemodule";
				SWIFT_REFLECTION_METADATA_LEVEL = all;
				SWIFT_SWIFT3_OBJC_INFERENCE = Default;
				TARGETED_DEVICE_FAMILY = "1,2";
				VALIDATE_PRODUCT = YES;
			};
			name = Release;
		};
		8E91EAED1DF1CA1E008F39A9 /* Debug */ = {
			isa = XCBuildConfiguration;
			baseConfigurationReference = E5880A0EE6F245A3BB9E1327 /* Pods-French Verbs Quiz.debug.xcconfig */;
			buildSettings = {
				ASSETCATALOG_COMPILER_APPICON_NAME = AppIcon;
				"CODE_SIGN_IDENTITY[sdk=iphoneos*]" = "iPhone Developer";
				DEVELOPMENT_TEAM = X6D769Z7F4;
				ENABLE_BITCODE = YES;
				FRAMEWORK_SEARCH_PATHS = "$(inherited)";
				INFOPLIST_FILE = "French Verbs Quiz/Info.plist";
				LD_RUNPATH_SEARCH_PATHS = "$(inherited) @executable_path/Frameworks";
				MARKETING_VERSION = 3.3;
				PRODUCT_BUNDLE_IDENTIFIER = "NM.French-Verbs-Quiz";
				PRODUCT_NAME = "$(TARGET_NAME)";
				SWIFT_VERSION = 5.0;
				TARGETED_DEVICE_FAMILY = "1,2";
			};
			name = Debug;
		};
		8E91EAEE1DF1CA1E008F39A9 /* Release */ = {
			isa = XCBuildConfiguration;
			baseConfigurationReference = 149345F3D96631F167A82996 /* Pods-French Verbs Quiz.release.xcconfig */;
			buildSettings = {
				ASSETCATALOG_COMPILER_APPICON_NAME = AppIcon;
				"CODE_SIGN_IDENTITY[sdk=iphoneos*]" = "iPhone Developer";
				DEVELOPMENT_TEAM = X6D769Z7F4;
				ENABLE_BITCODE = YES;
				FRAMEWORK_SEARCH_PATHS = "$(inherited)";
				INFOPLIST_FILE = "French Verbs Quiz/Info.plist";
				LD_RUNPATH_SEARCH_PATHS = "$(inherited) @executable_path/Frameworks";
				MARKETING_VERSION = 3.3;
				PRODUCT_BUNDLE_IDENTIFIER = "NM.French-Verbs-Quiz";
				PRODUCT_NAME = "$(TARGET_NAME)";
				SWIFT_VERSION = 5.0;
				TARGETED_DEVICE_FAMILY = "1,2";
			};
			name = Release;
		};
		8E91EAF01DF1CA1E008F39A9 /* Debug */ = {
			isa = XCBuildConfiguration;
			baseConfigurationReference = B38DCB7CBB87CC5A7E455D94 /* Pods-French Verbs QuizTests.debug.xcconfig */;
			buildSettings = {
				ALWAYS_EMBED_SWIFT_STANDARD_LIBRARIES = YES;
				BUNDLE_LOADER = "$(TEST_HOST)";
				DEVELOPMENT_TEAM = X6D769Z7F4;
				INFOPLIST_FILE = "French Verbs QuizTests/Info.plist";
				LD_RUNPATH_SEARCH_PATHS = "$(inherited) @executable_path/Frameworks @loader_path/Frameworks";
				PRODUCT_BUNDLE_IDENTIFIER = "NM.French-Verbs-QuizTests";
				PRODUCT_NAME = "$(TARGET_NAME)";
				SWIFT_VERSION = 5.0;
				TEST_HOST = "$(BUILT_PRODUCTS_DIR)/French Verbs Quiz.app/French Verbs Quiz";
			};
			name = Debug;
		};
		8E91EAF11DF1CA1E008F39A9 /* Release */ = {
			isa = XCBuildConfiguration;
			baseConfigurationReference = 0E18980F2CBFDA0D76D17C6C /* Pods-French Verbs QuizTests.release.xcconfig */;
			buildSettings = {
				ALWAYS_EMBED_SWIFT_STANDARD_LIBRARIES = YES;
				BUNDLE_LOADER = "$(TEST_HOST)";
				DEVELOPMENT_TEAM = X6D769Z7F4;
				INFOPLIST_FILE = "French Verbs QuizTests/Info.plist";
				LD_RUNPATH_SEARCH_PATHS = "$(inherited) @executable_path/Frameworks @loader_path/Frameworks";
				PRODUCT_BUNDLE_IDENTIFIER = "NM.French-Verbs-QuizTests";
				PRODUCT_NAME = "$(TARGET_NAME)";
				SWIFT_VERSION = 5.0;
				TEST_HOST = "$(BUILT_PRODUCTS_DIR)/French Verbs Quiz.app/French Verbs Quiz";
			};
			name = Release;
		};
		8E91EAF31DF1CA1E008F39A9 /* Debug */ = {
			isa = XCBuildConfiguration;
			baseConfigurationReference = 0F01070EA9E01ABADE3CCCB3 /* Pods-French Verbs QuizUITests.debug.xcconfig */;
			buildSettings = {
				ALWAYS_EMBED_SWIFT_STANDARD_LIBRARIES = YES;
				DEVELOPMENT_TEAM = X6D769Z7F4;
				INFOPLIST_FILE = "French Verbs QuizUITests/Info.plist";
				LD_RUNPATH_SEARCH_PATHS = "$(inherited) @executable_path/Frameworks @loader_path/Frameworks";
				PRODUCT_BUNDLE_IDENTIFIER = "NM.French-Verbs-QuizUITests";
				PRODUCT_NAME = "$(TARGET_NAME)";
				SWIFT_REFLECTION_METADATA_LEVEL = all;
				SWIFT_VERSION = 5.0;
				TEST_TARGET_NAME = "French Verbs Quiz";
			};
			name = Debug;
		};
		8E91EAF41DF1CA1E008F39A9 /* Release */ = {
			isa = XCBuildConfiguration;
			baseConfigurationReference = 6C574F78FE770FFC6CBD0364 /* Pods-French Verbs QuizUITests.release.xcconfig */;
			buildSettings = {
				ALWAYS_EMBED_SWIFT_STANDARD_LIBRARIES = YES;
				DEVELOPMENT_TEAM = X6D769Z7F4;
				INFOPLIST_FILE = "French Verbs QuizUITests/Info.plist";
				LD_RUNPATH_SEARCH_PATHS = "$(inherited) @executable_path/Frameworks @loader_path/Frameworks";
				PRODUCT_BUNDLE_IDENTIFIER = "NM.French-Verbs-QuizUITests";
				PRODUCT_NAME = "$(TARGET_NAME)";
				SWIFT_REFLECTION_METADATA_LEVEL = all;
				SWIFT_VERSION = 5.0;
				TEST_TARGET_NAME = "French Verbs Quiz";
			};
			name = Release;
		};
/* End XCBuildConfiguration section */

/* Begin XCConfigurationList section */
		8E91EABF1DF1CA1E008F39A9 /* Build configuration list for PBXProject "French Verbs Quiz" */ = {
			isa = XCConfigurationList;
			buildConfigurations = (
				8E91EAEA1DF1CA1E008F39A9 /* Debug */,
				8E91EAEB1DF1CA1E008F39A9 /* Release */,
			);
			defaultConfigurationIsVisible = 0;
			defaultConfigurationName = Release;
		};
		8E91EAEC1DF1CA1E008F39A9 /* Build configuration list for PBXNativeTarget "French Verbs Quiz" */ = {
			isa = XCConfigurationList;
			buildConfigurations = (
				8E91EAED1DF1CA1E008F39A9 /* Debug */,
				8E91EAEE1DF1CA1E008F39A9 /* Release */,
			);
			defaultConfigurationIsVisible = 0;
			defaultConfigurationName = Release;
		};
		8E91EAEF1DF1CA1E008F39A9 /* Build configuration list for PBXNativeTarget "French Verbs QuizTests" */ = {
			isa = XCConfigurationList;
			buildConfigurations = (
				8E91EAF01DF1CA1E008F39A9 /* Debug */,
				8E91EAF11DF1CA1E008F39A9 /* Release */,
			);
			defaultConfigurationIsVisible = 0;
			defaultConfigurationName = Release;
		};
		8E91EAF21DF1CA1E008F39A9 /* Build configuration list for PBXNativeTarget "French Verbs QuizUITests" */ = {
			isa = XCConfigurationList;
			buildConfigurations = (
				8E91EAF31DF1CA1E008F39A9 /* Debug */,
				8E91EAF41DF1CA1E008F39A9 /* Release */,
			);
			defaultConfigurationIsVisible = 0;
			defaultConfigurationName = Release;
		};
/* End XCConfigurationList section */

/* Begin XCVersionGroup section */
		8E020A651DFC8DCB0075B180 /* VerbesFrancais.xcdatamodeld */ = {
			isa = XCVersionGroup;
			children = (
				8E020A661DFC8DCB0075B180 /* VerbesFrancais.xcdatamodel */,
			);
			currentVersion = 8E020A661DFC8DCB0075B180 /* VerbesFrancais.xcdatamodel */;
			path = VerbesFrancais.xcdatamodeld;
			sourceTree = "<group>";
			versionGroupType = wrapper.xcdatamodel;
		};
/* End XCVersionGroup section */
	};
	rootObject = 8E91EABC1DF1CA1E008F39A9 /* Project object */;
}
