// !$*UTF8*$!
{
	archiveVersion = 1;
	classes = {
	};
	objectVersion = 46;
	objects = {

/* Begin PBXBuildFile section */
		21359A2A185CF30F4A337754 /* Pods_French_Verbs_QuizTests.framework in Frameworks */ = {isa = PBXBuildFile; fileRef = 34D7FDCDC262950CA84870FB /* Pods_French_Verbs_QuizTests.framework */; };
		70DEB6DC235B3965C1FFE6D6 /* Pods_French_Verbs_Quiz.framework in Frameworks */ = {isa = PBXBuildFile; fileRef = C1E68E11DF93078423B66A51 /* Pods_French_Verbs_Quiz.framework */; };
		8E020A671DFC8DCB0075B180 /* VerbesFrancais.xcdatamodeld in Sources */ = {isa = PBXBuildFile; fileRef = 8E020A651DFC8DCB0075B180 /* VerbesFrancais.xcdatamodeld */; };
		8E020A761DFDCBF90075B180 /* ItemVerbe+CoreDataClass.swift in Sources */ = {isa = PBXBuildFile; fileRef = 8E020A741DFDCBF90075B180 /* ItemVerbe+CoreDataClass.swift */; };
		8E020A771DFDCBF90075B180 /* ItemVerbe+CoreDataProperties.swift in Sources */ = {isa = PBXBuildFile; fileRef = 8E020A751DFDCBF90075B180 /* ItemVerbe+CoreDataProperties.swift */; };
		8E020A791DFDE8FE0075B180 /* StatistiqueTableViewController.swift in Sources */ = {isa = PBXBuildFile; fileRef = 8E020A781DFDE8FE0075B180 /* StatistiqueTableViewController.swift */; };
		8E1155B21F7C41E400DB78AF /* LogoViewController.swift in Sources */ = {isa = PBXBuildFile; fileRef = 8E1155B11F7C41E400DB78AF /* LogoViewController.swift */; };
		8E1155B51F7D7E0D00DB78AF /* Acoustic Trio.wav in Resources */ = {isa = PBXBuildFile; fileRef = 8E1155B41F7D7E0D00DB78AF /* Acoustic Trio.wav */; };
		8E1741EC21BED25C005DE317 /* FontsAndConstraintsOptions.swift in Sources */ = {isa = PBXBuildFile; fileRef = 8E1741EB21BED25C005DE317 /* FontsAndConstraintsOptions.swift */; };
		8E1741F021C5D541005DE317 /* QuizViewController.swift in Sources */ = {isa = PBXBuildFile; fileRef = 8E1741EF21C5D541005DE317 /* QuizViewController.swift */; };
		8E23527C1F755CAF00C39936 /* TempsVerbesChoisisViewController.swift in Sources */ = {isa = PBXBuildFile; fileRef = 8E23527B1F755CAF00C39936 /* TempsVerbesChoisisViewController.swift */; };
		8E4458661FACF5480097489C /* GoogleToolboxForMac.framework in Frameworks */ = {isa = PBXBuildFile; fileRef = 8E4458671FACF5480097489C /* GoogleToolboxForMac.framework */; };
		8E517D871DF1F63E00EA5087 /* VerbListViewController.swift in Sources */ = {isa = PBXBuildFile; fileRef = 8E517D861DF1F63E00EA5087 /* VerbListViewController.swift */; };
		8E517D891DF2631E00EA5087 /* tempsDeVerbeTableViewController.swift in Sources */ = {isa = PBXBuildFile; fileRef = 8E517D881DF2631E00EA5087 /* tempsDeVerbeTableViewController.swift */; };
		8E517D8B1DF3513300EA5087 /* FinalVerbeViewController.swift in Sources */ = {isa = PBXBuildFile; fileRef = 8E517D8A1DF3513300EA5087 /* FinalVerbeViewController.swift */; };
		8E517D8D1DF471EA00EA5087 /* QuizOptionsController.swift in Sources */ = {isa = PBXBuildFile; fileRef = 8E517D8C1DF471EA00EA5087 /* QuizOptionsController.swift */; };
		8E5EE06C1F7AF61400CC9869 /* FrenchEnglish.swift in Sources */ = {isa = PBXBuildFile; fileRef = 8E5EE06B1F7AF61400CC9869 /* FrenchEnglish.swift */; };
		8E6949D421BDC26800D6C3B2 /* ScreenDimension.swift in Sources */ = {isa = PBXBuildFile; fileRef = 8E6949D321BDC26800D6C3B2 /* ScreenDimension.swift */; };
		8E7124E8219DE35100A027FF /* ContextuelQuizOptionController.swift in Sources */ = {isa = PBXBuildFile; fileRef = 8E7124E7219DE35100A027FF /* ContextuelQuizOptionController.swift */; };
		8E7FC96F1DFB03D3005C397B /* ResultViewController.swift in Sources */ = {isa = PBXBuildFile; fileRef = 8E7FC96E1DFB03D3005C397B /* ResultViewController.swift */; };
		8E7FC9721DFB4299005C397B /* Error Warning.wav in Resources */ = {isa = PBXBuildFile; fileRef = 8E7FC9711DFB4299005C397B /* Error Warning.wav */; };
		8E7FC9741DFB42A0005C397B /* Incoming Text 01.wav in Resources */ = {isa = PBXBuildFile; fileRef = 8E7FC9731DFB42A0005C397B /* Incoming Text 01.wav */; };
		8E89C97421B8694A005998D3 /* TextFieldProperties.swift in Sources */ = {isa = PBXBuildFile; fileRef = 8E89C97321B8694A005998D3 /* TextFieldProperties.swift */; };
		8E89C97A21BD6B70005998D3 /* ChoixDeTempsViewController.swift in Sources */ = {isa = PBXBuildFile; fileRef = 8E89C97921BD6B70005998D3 /* ChoixDeTempsViewController.swift */; };
		8E91EAC81DF1CA1E008F39A9 /* AppDelegate.swift in Sources */ = {isa = PBXBuildFile; fileRef = 8E91EAC71DF1CA1E008F39A9 /* AppDelegate.swift */; };
		8E91EACD1DF1CA1E008F39A9 /* Main.storyboard in Resources */ = {isa = PBXBuildFile; fileRef = 8E91EACB1DF1CA1E008F39A9 /* Main.storyboard */; };
		8E91EACF1DF1CA1E008F39A9 /* Assets.xcassets in Resources */ = {isa = PBXBuildFile; fileRef = 8E91EACE1DF1CA1E008F39A9 /* Assets.xcassets */; };
		8E91EAD21DF1CA1E008F39A9 /* LaunchScreen.storyboard in Resources */ = {isa = PBXBuildFile; fileRef = 8E91EAD01DF1CA1E008F39A9 /* LaunchScreen.storyboard */; };
		8E91EADD1DF1CA1E008F39A9 /* French_Verbs_QuizTests.swift in Sources */ = {isa = PBXBuildFile; fileRef = 8E91EADC1DF1CA1E008F39A9 /* French_Verbs_QuizTests.swift */; };
		8E91EAE81DF1CA1E008F39A9 /* French_Verbs_QuizUITests.swift in Sources */ = {isa = PBXBuildFile; fileRef = 8E91EAE71DF1CA1E008F39A9 /* French_Verbs_QuizUITests.swift */; };
		8E91EAF81DF1D047008F39A9 /* OptionsViewController.swift in Sources */ = {isa = PBXBuildFile; fileRef = 8E91EAF71DF1D047008F39A9 /* OptionsViewController.swift */; };
		8E91EAFC1DF1D43A008F39A9 /* frenchVerbsListancien.plist in Resources */ = {isa = PBXBuildFile; fileRef = 8E91EAFB1DF1D43A008F39A9 /* frenchVerbsListancien.plist */; };
		8E91EAFE1DF1D88A008F39A9 /* DataStructure.swift in Sources */ = {isa = PBXBuildFile; fileRef = 8E91EAFD1DF1D88A008F39A9 /* DataStructure.swift */; };
		8E9482621F5B265200D1F68F /* SpecificVerbViewController.swift in Sources */ = {isa = PBXBuildFile; fileRef = 8E9482611F5B265200D1F68F /* SpecificVerbViewController.swift */; };
		8EA41EFE219E1643004D4D42 /* ChoixTempsEtMode.swift in Sources */ = {isa = PBXBuildFile; fileRef = 8EA41EFD219E1643004D4D42 /* ChoixTempsEtMode.swift */; };
		8EA41F00219F6DE0004D4D42 /* ContextuelQuizViewController.swift in Sources */ = {isa = PBXBuildFile; fileRef = 8EA41EFF219F6DE0004D4D42 /* ContextuelQuizViewController.swift */; };
		8EA41F0521A0A584004D4D42 /* ConjugaisonContextuel.plist in Resources */ = {isa = PBXBuildFile; fileRef = 8EA41F0421A0A584004D4D42 /* ConjugaisonContextuel.plist */; };
		8EB91F1D1FACE72500F18F3E /* GoogleService-Info.plist in Resources */ = {isa = PBXBuildFile; fileRef = 8EB91F1C1FACE72500F18F3E /* GoogleService-Info.plist */; };
		8EB91F1F1FACE73A00F18F3E /* GoogleService-Info.plist in Resources */ = {isa = PBXBuildFile; fileRef = 8EB91F1E1FACE73A00F18F3E /* GoogleService-Info.plist */; };
		8EB91F211FACE74B00F18F3E /* GoogleService-Info.plist in Resources */ = {isa = PBXBuildFile; fileRef = 8EB91F201FACE74B00F18F3E /* GoogleService-Info.plist */; };
		8EC812FF1F6C70D50052F901 /* RandomNumberGenerator.swift in Sources */ = {isa = PBXBuildFile; fileRef = 8EC812FE1F6C70D50052F901 /* RandomNumberGenerator.swift */; };
		8EC813021F717E590052F901 /* SelectionQuestion.swift in Sources */ = {isa = PBXBuildFile; fileRef = 8EC813011F717E590052F901 /* SelectionQuestion.swift */; };
		8EC813041F71C2220052F901 /* QuestionFinale.swift in Sources */ = {isa = PBXBuildFile; fileRef = 8EC813031F71C2220052F901 /* QuestionFinale.swift */; };
		8ECB6F1F21CD77AC00E60DE3 /* UnwindSegueChoice.swift in Sources */ = {isa = PBXBuildFile; fileRef = 8ECB6F1E21CD77AC00E60DE3 /* UnwindSegueChoice.swift */; };
		8EDC41AA21A8B92800EE41D2 /* frenchVerbsListAncien2.plist in Resources */ = {isa = PBXBuildFile; fileRef = 8EDC41A921A8B92800EE41D2 /* frenchVerbsListAncien2.plist */; };
		8EDC41ED21A9E4FB00EE41D2 /* frenchVerbsList.plist in Resources */ = {isa = PBXBuildFile; fileRef = 8EDC41EC21A9E4FA00EE41D2 /* frenchVerbsList.plist */; };
		8EDC423621AB5BB500EE41D2 /* FrenchToEnglish.plist in Resources */ = {isa = PBXBuildFile; fileRef = 8EDC423521AB5BB400EE41D2 /* FrenchToEnglish.plist */; };
		8EDC423A21AC906100EE41D2 /* DifficultyLevel.swift in Sources */ = {isa = PBXBuildFile; fileRef = 8EDC423921AC906100EE41D2 /* DifficultyLevel.swift */; };
		8EDC423E21AF124D00EE41D2 /* ChoixFacileVerbeConjugue.swift in Sources */ = {isa = PBXBuildFile; fileRef = 8EDC423D21AF124D00EE41D2 /* ChoixFacileVerbeConjugue.swift */; };
		8EDC424021AF160B00EE41D2 /* Sentence.swift in Sources */ = {isa = PBXBuildFile; fileRef = 8EDC423F21AF160B00EE41D2 /* Sentence.swift */; };
		EA1C6F6CC9BCF11742DB8A9D /* Pods_French_Verbs_QuizUITests.framework in Frameworks */ = {isa = PBXBuildFile; fileRef = BDCA12E7B2903BB0B2B80A6D /* Pods_French_Verbs_QuizUITests.framework */; };
/* End PBXBuildFile section */

/* Begin PBXContainerItemProxy section */
		8E91EAD91DF1CA1E008F39A9 /* PBXContainerItemProxy */ = {
			isa = PBXContainerItemProxy;
			containerPortal = 8E91EABC1DF1CA1E008F39A9 /* Project object */;
			proxyType = 1;
			remoteGlobalIDString = 8E91EAC31DF1CA1E008F39A9;
			remoteInfo = "French Verbs Quiz";
		};
		8E91EAE41DF1CA1E008F39A9 /* PBXContainerItemProxy */ = {
			isa = PBXContainerItemProxy;
			containerPortal = 8E91EABC1DF1CA1E008F39A9 /* Project object */;
			proxyType = 1;
			remoteGlobalIDString = 8E91EAC31DF1CA1E008F39A9;
			remoteInfo = "French Verbs Quiz";
		};
/* End PBXContainerItemProxy section */

/* Begin PBXFileReference section */
		0A35A38522440C7B14DC46DB /* Pods-French Verbs QuizTests.debug.xcconfig */ = {isa = PBXFileReference; includeInIndex = 1; lastKnownFileType = text.xcconfig; name = "Pods-French Verbs QuizTests.debug.xcconfig"; path = "Pods/Target Support Files/Pods-French Verbs QuizTests/Pods-French Verbs QuizTests.debug.xcconfig"; sourceTree = "<group>"; };
		1BA5716BEF6D4DB8700978AB /* Pods-French Verbs Quiz.debug.xcconfig */ = {isa = PBXFileReference; includeInIndex = 1; lastKnownFileType = text.xcconfig; name = "Pods-French Verbs Quiz.debug.xcconfig"; path = "Pods/Target Support Files/Pods-French Verbs Quiz/Pods-French Verbs Quiz.debug.xcconfig"; sourceTree = "<group>"; };
		265A86C35B2AD7DC52FDEEE3 /* Pods-French Verbs QuizUITests.debug.xcconfig */ = {isa = PBXFileReference; includeInIndex = 1; lastKnownFileType = text.xcconfig; name = "Pods-French Verbs QuizUITests.debug.xcconfig"; path = "Pods/Target Support Files/Pods-French Verbs QuizUITests/Pods-French Verbs QuizUITests.debug.xcconfig"; sourceTree = "<group>"; };
		34D7FDCDC262950CA84870FB /* Pods_French_Verbs_QuizTests.framework */ = {isa = PBXFileReference; explicitFileType = wrapper.framework; includeInIndex = 0; path = Pods_French_Verbs_QuizTests.framework; sourceTree = BUILT_PRODUCTS_DIR; };
		49D015F477049B0CB6ABA95A /* Pods-French Verbs QuizUITests.release.xcconfig */ = {isa = PBXFileReference; includeInIndex = 1; lastKnownFileType = text.xcconfig; name = "Pods-French Verbs QuizUITests.release.xcconfig"; path = "Pods/Target Support Files/Pods-French Verbs QuizUITests/Pods-French Verbs QuizUITests.release.xcconfig"; sourceTree = "<group>"; };
		8E020A661DFC8DCB0075B180 /* VerbesFrancais.xcdatamodel */ = {isa = PBXFileReference; lastKnownFileType = wrapper.xcdatamodel; path = VerbesFrancais.xcdatamodel; sourceTree = "<group>"; };
		8E020A741DFDCBF90075B180 /* ItemVerbe+CoreDataClass.swift */ = {isa = PBXFileReference; fileEncoding = 4; lastKnownFileType = sourcecode.swift; name = "ItemVerbe+CoreDataClass.swift"; path = "../ItemVerbe+CoreDataClass.swift"; sourceTree = "<group>"; };
		8E020A751DFDCBF90075B180 /* ItemVerbe+CoreDataProperties.swift */ = {isa = PBXFileReference; fileEncoding = 4; lastKnownFileType = sourcecode.swift; name = "ItemVerbe+CoreDataProperties.swift"; path = "../ItemVerbe+CoreDataProperties.swift"; sourceTree = "<group>"; };
		8E020A781DFDE8FE0075B180 /* StatistiqueTableViewController.swift */ = {isa = PBXFileReference; fileEncoding = 4; lastKnownFileType = sourcecode.swift; path = StatistiqueTableViewController.swift; sourceTree = "<group>"; };
		8E1155B11F7C41E400DB78AF /* LogoViewController.swift */ = {isa = PBXFileReference; lastKnownFileType = sourcecode.swift; path = LogoViewController.swift; sourceTree = "<group>"; };
		8E1155B41F7D7E0D00DB78AF /* Acoustic Trio.wav */ = {isa = PBXFileReference; lastKnownFileType = audio.wav; path = "Acoustic Trio.wav"; sourceTree = "<group>"; };
		8E1741EB21BED25C005DE317 /* FontsAndConstraintsOptions.swift */ = {isa = PBXFileReference; lastKnownFileType = sourcecode.swift; path = FontsAndConstraintsOptions.swift; sourceTree = "<group>"; };
		8E1741EF21C5D541005DE317 /* QuizViewController.swift */ = {isa = PBXFileReference; lastKnownFileType = sourcecode.swift; path = QuizViewController.swift; sourceTree = "<group>"; };
		8E23527B1F755CAF00C39936 /* TempsVerbesChoisisViewController.swift */ = {isa = PBXFileReference; lastKnownFileType = sourcecode.swift; path = TempsVerbesChoisisViewController.swift; sourceTree = "<group>"; };
		8E4458671FACF5480097489C /* GoogleToolboxForMac.framework */ = {isa = PBXFileReference; explicitFileType = wrapper.framework; path = GoogleToolboxForMac.framework; sourceTree = BUILT_PRODUCTS_DIR; };
		8E517D861DF1F63E00EA5087 /* VerbListViewController.swift */ = {isa = PBXFileReference; fileEncoding = 4; lastKnownFileType = sourcecode.swift; path = VerbListViewController.swift; sourceTree = "<group>"; };
		8E517D881DF2631E00EA5087 /* tempsDeVerbeTableViewController.swift */ = {isa = PBXFileReference; fileEncoding = 4; lastKnownFileType = sourcecode.swift; path = tempsDeVerbeTableViewController.swift; sourceTree = "<group>"; };
		8E517D8A1DF3513300EA5087 /* FinalVerbeViewController.swift */ = {isa = PBXFileReference; fileEncoding = 4; lastKnownFileType = sourcecode.swift; path = FinalVerbeViewController.swift; sourceTree = "<group>"; };
		8E517D8C1DF471EA00EA5087 /* QuizOptionsController.swift */ = {isa = PBXFileReference; fileEncoding = 4; lastKnownFileType = sourcecode.swift; path = QuizOptionsController.swift; sourceTree = "<group>"; };
		8E5EE06B1F7AF61400CC9869 /* FrenchEnglish.swift */ = {isa = PBXFileReference; lastKnownFileType = sourcecode.swift; path = FrenchEnglish.swift; sourceTree = "<group>"; };
		8E6949D321BDC26800D6C3B2 /* ScreenDimension.swift */ = {isa = PBXFileReference; lastKnownFileType = sourcecode.swift; path = ScreenDimension.swift; sourceTree = "<group>"; };
		8E7124E7219DE35100A027FF /* ContextuelQuizOptionController.swift */ = {isa = PBXFileReference; lastKnownFileType = sourcecode.swift; path = ContextuelQuizOptionController.swift; sourceTree = "<group>"; };
		8E7FC96E1DFB03D3005C397B /* ResultViewController.swift */ = {isa = PBXFileReference; fileEncoding = 4; lastKnownFileType = sourcecode.swift; path = ResultViewController.swift; sourceTree = "<group>"; };
		8E7FC9711DFB4299005C397B /* Error Warning.wav */ = {isa = PBXFileReference; lastKnownFileType = audio.wav; path = "Error Warning.wav"; sourceTree = "<group>"; };
		8E7FC9731DFB42A0005C397B /* Incoming Text 01.wav */ = {isa = PBXFileReference; lastKnownFileType = audio.wav; path = "Incoming Text 01.wav"; sourceTree = "<group>"; };
		8E89C97321B8694A005998D3 /* TextFieldProperties.swift */ = {isa = PBXFileReference; lastKnownFileType = sourcecode.swift; path = TextFieldProperties.swift; sourceTree = "<group>"; };
		8E89C97921BD6B70005998D3 /* ChoixDeTempsViewController.swift */ = {isa = PBXFileReference; lastKnownFileType = sourcecode.swift; path = ChoixDeTempsViewController.swift; sourceTree = "<group>"; };
		8E91EAC41DF1CA1E008F39A9 /* French Verbs Quiz.app */ = {isa = PBXFileReference; explicitFileType = wrapper.application; includeInIndex = 0; path = "French Verbs Quiz.app"; sourceTree = BUILT_PRODUCTS_DIR; };
		8E91EAC71DF1CA1E008F39A9 /* AppDelegate.swift */ = {isa = PBXFileReference; lastKnownFileType = sourcecode.swift; path = AppDelegate.swift; sourceTree = "<group>"; };
		8E91EACC1DF1CA1E008F39A9 /* Base */ = {isa = PBXFileReference; lastKnownFileType = file.storyboard; name = Base; path = Base.lproj/Main.storyboard; sourceTree = "<group>"; };
		8E91EACE1DF1CA1E008F39A9 /* Assets.xcassets */ = {isa = PBXFileReference; lastKnownFileType = folder.assetcatalog; path = Assets.xcassets; sourceTree = "<group>"; };
		8E91EAD11DF1CA1E008F39A9 /* Base */ = {isa = PBXFileReference; lastKnownFileType = file.storyboard; name = Base; path = Base.lproj/LaunchScreen.storyboard; sourceTree = "<group>"; };
		8E91EAD31DF1CA1E008F39A9 /* Info.plist */ = {isa = PBXFileReference; lastKnownFileType = text.plist.xml; path = Info.plist; sourceTree = "<group>"; };
		8E91EAD81DF1CA1E008F39A9 /* French Verbs QuizTests.xctest */ = {isa = PBXFileReference; explicitFileType = wrapper.cfbundle; includeInIndex = 0; path = "French Verbs QuizTests.xctest"; sourceTree = BUILT_PRODUCTS_DIR; };
		8E91EADC1DF1CA1E008F39A9 /* French_Verbs_QuizTests.swift */ = {isa = PBXFileReference; lastKnownFileType = sourcecode.swift; path = French_Verbs_QuizTests.swift; sourceTree = "<group>"; };
		8E91EADE1DF1CA1E008F39A9 /* Info.plist */ = {isa = PBXFileReference; lastKnownFileType = text.plist.xml; path = Info.plist; sourceTree = "<group>"; };
		8E91EAE31DF1CA1E008F39A9 /* French Verbs QuizUITests.xctest */ = {isa = PBXFileReference; explicitFileType = wrapper.cfbundle; includeInIndex = 0; path = "French Verbs QuizUITests.xctest"; sourceTree = BUILT_PRODUCTS_DIR; };
		8E91EAE71DF1CA1E008F39A9 /* French_Verbs_QuizUITests.swift */ = {isa = PBXFileReference; lastKnownFileType = sourcecode.swift; path = French_Verbs_QuizUITests.swift; sourceTree = "<group>"; };
		8E91EAE91DF1CA1E008F39A9 /* Info.plist */ = {isa = PBXFileReference; lastKnownFileType = text.plist.xml; path = Info.plist; sourceTree = "<group>"; };
		8E91EAF71DF1D047008F39A9 /* OptionsViewController.swift */ = {isa = PBXFileReference; fileEncoding = 4; lastKnownFileType = sourcecode.swift; path = OptionsViewController.swift; sourceTree = "<group>"; };
		8E91EAFB1DF1D43A008F39A9 /* frenchVerbsListancien.plist */ = {isa = PBXFileReference; fileEncoding = 4; lastKnownFileType = text.plist.xml; path = frenchVerbsListancien.plist; sourceTree = "<group>"; };
		8E91EAFD1DF1D88A008F39A9 /* DataStructure.swift */ = {isa = PBXFileReference; fileEncoding = 4; lastKnownFileType = sourcecode.swift; path = DataStructure.swift; sourceTree = "<group>"; };
		8E9482611F5B265200D1F68F /* SpecificVerbViewController.swift */ = {isa = PBXFileReference; fileEncoding = 4; lastKnownFileType = sourcecode.swift; path = SpecificVerbViewController.swift; sourceTree = "<group>"; };
		8EA41EFD219E1643004D4D42 /* ChoixTempsEtMode.swift */ = {isa = PBXFileReference; lastKnownFileType = sourcecode.swift; path = ChoixTempsEtMode.swift; sourceTree = "<group>"; };
		8EA41EFF219F6DE0004D4D42 /* ContextuelQuizViewController.swift */ = {isa = PBXFileReference; lastKnownFileType = sourcecode.swift; path = ContextuelQuizViewController.swift; sourceTree = "<group>"; };
		8EA41F0421A0A584004D4D42 /* ConjugaisonContextuel.plist */ = {isa = PBXFileReference; fileEncoding = 4; lastKnownFileType = text.plist.xml; path = ConjugaisonContextuel.plist; sourceTree = "<group>"; };
		8EB91F1C1FACE72500F18F3E /* GoogleService-Info.plist */ = {isa = PBXFileReference; fileEncoding = 4; lastKnownFileType = text.plist.xml; path = "GoogleService-Info.plist"; sourceTree = "<group>"; };
		8EB91F1E1FACE73A00F18F3E /* GoogleService-Info.plist */ = {isa = PBXFileReference; fileEncoding = 4; lastKnownFileType = text.plist.xml; path = "GoogleService-Info.plist"; sourceTree = "<group>"; };
		8EB91F201FACE74B00F18F3E /* GoogleService-Info.plist */ = {isa = PBXFileReference; fileEncoding = 4; lastKnownFileType = text.plist.xml; path = "GoogleService-Info.plist"; sourceTree = "<group>"; };
		8EC812FE1F6C70D50052F901 /* RandomNumberGenerator.swift */ = {isa = PBXFileReference; fileEncoding = 4; lastKnownFileType = sourcecode.swift; path = RandomNumberGenerator.swift; sourceTree = "<group>"; };
		8EC813011F717E590052F901 /* SelectionQuestion.swift */ = {isa = PBXFileReference; fileEncoding = 4; lastKnownFileType = sourcecode.swift; path = SelectionQuestion.swift; sourceTree = "<group>"; };
		8EC813031F71C2220052F901 /* QuestionFinale.swift */ = {isa = PBXFileReference; fileEncoding = 4; lastKnownFileType = sourcecode.swift; path = QuestionFinale.swift; sourceTree = "<group>"; };
		8ECB6F1E21CD77AC00E60DE3 /* UnwindSegueChoice.swift */ = {isa = PBXFileReference; lastKnownFileType = sourcecode.swift; path = UnwindSegueChoice.swift; sourceTree = "<group>"; };
		8EDC41A921A8B92800EE41D2 /* frenchVerbsListAncien2.plist */ = {isa = PBXFileReference; fileEncoding = 4; lastKnownFileType = text.plist.xml; path = frenchVerbsListAncien2.plist; sourceTree = "<group>"; };
		8EDC41EC21A9E4FA00EE41D2 /* frenchVerbsList.plist */ = {isa = PBXFileReference; fileEncoding = 4; lastKnownFileType = text.plist.xml; path = frenchVerbsList.plist; sourceTree = "<group>"; };
		8EDC423521AB5BB400EE41D2 /* FrenchToEnglish.plist */ = {isa = PBXFileReference; fileEncoding = 4; lastKnownFileType = text.plist.xml; path = FrenchToEnglish.plist; sourceTree = "<group>"; };
		8EDC423921AC906100EE41D2 /* DifficultyLevel.swift */ = {isa = PBXFileReference; lastKnownFileType = sourcecode.swift; path = DifficultyLevel.swift; sourceTree = "<group>"; };
		8EDC423D21AF124D00EE41D2 /* ChoixFacileVerbeConjugue.swift */ = {isa = PBXFileReference; lastKnownFileType = sourcecode.swift; path = ChoixFacileVerbeConjugue.swift; sourceTree = "<group>"; };
		8EDC423F21AF160B00EE41D2 /* Sentence.swift */ = {isa = PBXFileReference; lastKnownFileType = sourcecode.swift; path = Sentence.swift; sourceTree = "<group>"; };
		96B0F6CC045C7FF71E74B846 /* Pods-French Verbs Quiz.release.xcconfig */ = {isa = PBXFileReference; includeInIndex = 1; lastKnownFileType = text.xcconfig; name = "Pods-French Verbs Quiz.release.xcconfig"; path = "Pods/Target Support Files/Pods-French Verbs Quiz/Pods-French Verbs Quiz.release.xcconfig"; sourceTree = "<group>"; };
		AB3CB95074CB1CB8358062A9 /* Pods-French Verbs QuizTests.release.xcconfig */ = {isa = PBXFileReference; includeInIndex = 1; lastKnownFileType = text.xcconfig; name = "Pods-French Verbs QuizTests.release.xcconfig"; path = "Pods/Target Support Files/Pods-French Verbs QuizTests/Pods-French Verbs QuizTests.release.xcconfig"; sourceTree = "<group>"; };
		BDCA12E7B2903BB0B2B80A6D /* Pods_French_Verbs_QuizUITests.framework */ = {isa = PBXFileReference; explicitFileType = wrapper.framework; includeInIndex = 0; path = Pods_French_Verbs_QuizUITests.framework; sourceTree = BUILT_PRODUCTS_DIR; };
		C1E68E11DF93078423B66A51 /* Pods_French_Verbs_Quiz.framework */ = {isa = PBXFileReference; explicitFileType = wrapper.framework; includeInIndex = 0; path = Pods_French_Verbs_Quiz.framework; sourceTree = BUILT_PRODUCTS_DIR; };
/* End PBXFileReference section */

/* Begin PBXFrameworksBuildPhase section */
		8E91EAC11DF1CA1E008F39A9 /* Frameworks */ = {
			isa = PBXFrameworksBuildPhase;
			buildActionMask = 2147483647;
			files = (
				8E4458661FACF5480097489C /* GoogleToolboxForMac.framework in Frameworks */,
				70DEB6DC235B3965C1FFE6D6 /* Pods_French_Verbs_Quiz.framework in Frameworks */,
			);
			runOnlyForDeploymentPostprocessing = 0;
		};
		8E91EAD51DF1CA1E008F39A9 /* Frameworks */ = {
			isa = PBXFrameworksBuildPhase;
			buildActionMask = 2147483647;
			files = (
				21359A2A185CF30F4A337754 /* Pods_French_Verbs_QuizTests.framework in Frameworks */,
			);
			runOnlyForDeploymentPostprocessing = 0;
		};
		8E91EAE01DF1CA1E008F39A9 /* Frameworks */ = {
			isa = PBXFrameworksBuildPhase;
			buildActionMask = 2147483647;
			files = (
				EA1C6F6CC9BCF11742DB8A9D /* Pods_French_Verbs_QuizUITests.framework in Frameworks */,
			);
			runOnlyForDeploymentPostprocessing = 0;
		};
/* End PBXFrameworksBuildPhase section */

/* Begin PBXGroup section */
		8E7FC9701DFB421E005C397B /* sound */ = {
			isa = PBXGroup;
			children = (
				8E1155B41F7D7E0D00DB78AF /* Acoustic Trio.wav */,
				8E7FC9731DFB42A0005C397B /* Incoming Text 01.wav */,
				8E7FC9711DFB4299005C397B /* Error Warning.wav */,
			);
			name = sound;
			sourceTree = "<group>";
		};
		8E91EABB1DF1CA1E008F39A9 = {
			isa = PBXGroup;
			children = (
				8E91EAC61DF1CA1E008F39A9 /* French Verbs Quiz */,
				8E91EADB1DF1CA1E008F39A9 /* French Verbs QuizTests */,
				8E91EAE61DF1CA1E008F39A9 /* French Verbs QuizUITests */,
				8E91EAC51DF1CA1E008F39A9 /* Products */,
				D9E26CFBEDB3D297B309EA04 /* Pods */,
				A4B95E0B1A18504289620AF1 /* Frameworks */,
			);
			sourceTree = "<group>";
		};
		8E91EAC51DF1CA1E008F39A9 /* Products */ = {
			isa = PBXGroup;
			children = (
				8E91EAC41DF1CA1E008F39A9 /* French Verbs Quiz.app */,
				8E91EAD81DF1CA1E008F39A9 /* French Verbs QuizTests.xctest */,
				8E91EAE31DF1CA1E008F39A9 /* French Verbs QuizUITests.xctest */,
			);
			name = Products;
			sourceTree = "<group>";
		};
		8E91EAC61DF1CA1E008F39A9 /* French Verbs Quiz */ = {
			isa = PBXGroup;
			children = (
				8E91EACB1DF1CA1E008F39A9 /* Main.storyboard */,
				8E91EAC71DF1CA1E008F39A9 /* AppDelegate.swift */,
				8EA41F0421A0A584004D4D42 /* ConjugaisonContextuel.plist */,
				8EDC41EC21A9E4FA00EE41D2 /* frenchVerbsList.plist */,
				8EDC41A921A8B92800EE41D2 /* frenchVerbsListAncien2.plist */,
				8EDC423521AB5BB400EE41D2 /* FrenchToEnglish.plist */,
				8E91EAFB1DF1D43A008F39A9 /* frenchVerbsListancien.plist */,
				8EA41F02219F6EBA004D4D42 /* IntroductionControllers */,
				8EA41F01219F6E1C004D4D42 /* ListeDeverbes */,
				8EC813001F717E140052F901 /* Quiz Controller */,
				8EA41F03219F6FB2004D4D42 /* ContextuelQuiz */,
				8E020A781DFDE8FE0075B180 /* StatistiqueTableViewController.swift */,
				8E1741EB21BED25C005DE317 /* FontsAndConstraintsOptions.swift */,
				8E6949D321BDC26800D6C3B2 /* ScreenDimension.swift */,
				8E91EACE1DF1CA1E008F39A9 /* Assets.xcassets */,
				8E7FC9701DFB421E005C397B /* sound */,
				8E020A651DFC8DCB0075B180 /* VerbesFrancais.xcdatamodeld */,
				8E91EAFD1DF1D88A008F39A9 /* DataStructure.swift */,
				8E020A751DFDCBF90075B180 /* ItemVerbe+CoreDataProperties.swift */,
				8E020A741DFDCBF90075B180 /* ItemVerbe+CoreDataClass.swift */,
				8E91EAD01DF1CA1E008F39A9 /* LaunchScreen.storyboard */,
				8EC812FE1F6C70D50052F901 /* RandomNumberGenerator.swift */,
				8EB91F1C1FACE72500F18F3E /* GoogleService-Info.plist */,
				8E91EAD31DF1CA1E008F39A9 /* Info.plist */,
			);
			path = "French Verbs Quiz";
			sourceTree = "<group>";
		};
		8E91EADB1DF1CA1E008F39A9 /* French Verbs QuizTests */ = {
			isa = PBXGroup;
			children = (
				8E91EADC1DF1CA1E008F39A9 /* French_Verbs_QuizTests.swift */,
				8E91EADE1DF1CA1E008F39A9 /* Info.plist */,
				8EB91F1E1FACE73A00F18F3E /* GoogleService-Info.plist */,
			);
			path = "French Verbs QuizTests";
			sourceTree = "<group>";
		};
		8E91EAE61DF1CA1E008F39A9 /* French Verbs QuizUITests */ = {
			isa = PBXGroup;
			children = (
				8E91EAE71DF1CA1E008F39A9 /* French_Verbs_QuizUITests.swift */,
				8E91EAE91DF1CA1E008F39A9 /* Info.plist */,
				8EB91F201FACE74B00F18F3E /* GoogleService-Info.plist */,
			);
			path = "French Verbs QuizUITests";
			sourceTree = "<group>";
		};
		8EA41F01219F6E1C004D4D42 /* ListeDeverbes */ = {
			isa = PBXGroup;
			children = (
				8E517D861DF1F63E00EA5087 /* VerbListViewController.swift */,
				8E517D881DF2631E00EA5087 /* tempsDeVerbeTableViewController.swift */,
				8E517D8A1DF3513300EA5087 /* FinalVerbeViewController.swift */,
			);
			name = ListeDeverbes;
			sourceTree = "<group>";
		};
		8EA41F02219F6EBA004D4D42 /* IntroductionControllers */ = {
			isa = PBXGroup;
			children = (
				8E1155B11F7C41E400DB78AF /* LogoViewController.swift */,
				8E91EAF71DF1D047008F39A9 /* OptionsViewController.swift */,
			);
			name = IntroductionControllers;
			sourceTree = "<group>";
		};
		8EA41F03219F6FB2004D4D42 /* ContextuelQuiz */ = {
			isa = PBXGroup;
			children = (
				8E7124E7219DE35100A027FF /* ContextuelQuizOptionController.swift */,
				8EA41EFF219F6DE0004D4D42 /* ContextuelQuizViewController.swift */,
				8EDC423921AC906100EE41D2 /* DifficultyLevel.swift */,
				8EDC423D21AF124D00EE41D2 /* ChoixFacileVerbeConjugue.swift */,
				8EDC423F21AF160B00EE41D2 /* Sentence.swift */,
				8E89C97321B8694A005998D3 /* TextFieldProperties.swift */,
				8E89C97921BD6B70005998D3 /* ChoixDeTempsViewController.swift */,
				8ECB6F1E21CD77AC00E60DE3 /* UnwindSegueChoice.swift */,
			);
			name = ContextuelQuiz;
			sourceTree = "<group>";
		};
		8EC813001F717E140052F901 /* Quiz Controller */ = {
			isa = PBXGroup;
			children = (
				8E517D8C1DF471EA00EA5087 /* QuizOptionsController.swift */,
				8E1741EF21C5D541005DE317 /* QuizViewController.swift */,
				8E7FC96E1DFB03D3005C397B /* ResultViewController.swift */,
				8EC813011F717E590052F901 /* SelectionQuestion.swift */,
				8E9482611F5B265200D1F68F /* SpecificVerbViewController.swift */,
				8EC813031F71C2220052F901 /* QuestionFinale.swift */,
				8E23527B1F755CAF00C39936 /* TempsVerbesChoisisViewController.swift */,
				8E5EE06B1F7AF61400CC9869 /* FrenchEnglish.swift */,
				8EA41EFD219E1643004D4D42 /* ChoixTempsEtMode.swift */,
			);
			name = "Quiz Controller";
			sourceTree = "<group>";
		};
		A4B95E0B1A18504289620AF1 /* Frameworks */ = {
			isa = PBXGroup;
			children = (
				8E4458671FACF5480097489C /* GoogleToolboxForMac.framework */,
				C1E68E11DF93078423B66A51 /* Pods_French_Verbs_Quiz.framework */,
				34D7FDCDC262950CA84870FB /* Pods_French_Verbs_QuizTests.framework */,
				BDCA12E7B2903BB0B2B80A6D /* Pods_French_Verbs_QuizUITests.framework */,
			);
			name = Frameworks;
			sourceTree = "<group>";
		};
		D9E26CFBEDB3D297B309EA04 /* Pods */ = {
			isa = PBXGroup;
			children = (
				1BA5716BEF6D4DB8700978AB /* Pods-French Verbs Quiz.debug.xcconfig */,
				96B0F6CC045C7FF71E74B846 /* Pods-French Verbs Quiz.release.xcconfig */,
				0A35A38522440C7B14DC46DB /* Pods-French Verbs QuizTests.debug.xcconfig */,
				AB3CB95074CB1CB8358062A9 /* Pods-French Verbs QuizTests.release.xcconfig */,
				265A86C35B2AD7DC52FDEEE3 /* Pods-French Verbs QuizUITests.debug.xcconfig */,
				49D015F477049B0CB6ABA95A /* Pods-French Verbs QuizUITests.release.xcconfig */,
			);
			name = Pods;
			sourceTree = "<group>";
		};
/* End PBXGroup section */

/* Begin PBXNativeTarget section */
		8E91EAC31DF1CA1E008F39A9 /* French Verbs Quiz */ = {
			isa = PBXNativeTarget;
			buildConfigurationList = 8E91EAEC1DF1CA1E008F39A9 /* Build configuration list for PBXNativeTarget "French Verbs Quiz" */;
			buildPhases = (
				98968515D175EFF317BAB311 /* [CP] Check Pods Manifest.lock */,
				8E91EAC01DF1CA1E008F39A9 /* Sources */,
				8E91EAC11DF1CA1E008F39A9 /* Frameworks */,
				8E91EAC21DF1CA1E008F39A9 /* Resources */,
				B55C8E24AF76A2942A8E7BE0 /* [CP] Embed Pods Frameworks */,
			);
			buildRules = (
			);
			dependencies = (
			);
			name = "French Verbs Quiz";
			productName = "French Verbs Quiz";
			productReference = 8E91EAC41DF1CA1E008F39A9 /* French Verbs Quiz.app */;
			productType = "com.apple.product-type.application";
		};
		8E91EAD71DF1CA1E008F39A9 /* French Verbs QuizTests */ = {
			isa = PBXNativeTarget;
			buildConfigurationList = 8E91EAEF1DF1CA1E008F39A9 /* Build configuration list for PBXNativeTarget "French Verbs QuizTests" */;
			buildPhases = (
				0610FC44AE146F33486E2F3C /* [CP] Check Pods Manifest.lock */,
				8E91EAD41DF1CA1E008F39A9 /* Sources */,
				8E91EAD51DF1CA1E008F39A9 /* Frameworks */,
				8E91EAD61DF1CA1E008F39A9 /* Resources */,
				45E0E774229EADB6E6DBD7AA /* [CP] Embed Pods Frameworks */,
			);
			buildRules = (
			);
			dependencies = (
				8E91EADA1DF1CA1E008F39A9 /* PBXTargetDependency */,
			);
			name = "French Verbs QuizTests";
			productName = "French Verbs QuizTests";
			productReference = 8E91EAD81DF1CA1E008F39A9 /* French Verbs QuizTests.xctest */;
			productType = "com.apple.product-type.bundle.unit-test";
		};
		8E91EAE21DF1CA1E008F39A9 /* French Verbs QuizUITests */ = {
			isa = PBXNativeTarget;
			buildConfigurationList = 8E91EAF21DF1CA1E008F39A9 /* Build configuration list for PBXNativeTarget "French Verbs QuizUITests" */;
			buildPhases = (
				2128744E59E3ABCDF42D532E /* [CP] Check Pods Manifest.lock */,
				8E91EADF1DF1CA1E008F39A9 /* Sources */,
				8E91EAE01DF1CA1E008F39A9 /* Frameworks */,
				8E91EAE11DF1CA1E008F39A9 /* Resources */,
			);
			buildRules = (
			);
			dependencies = (
				8E91EAE51DF1CA1E008F39A9 /* PBXTargetDependency */,
			);
			name = "French Verbs QuizUITests";
			productName = "French Verbs QuizUITests";
			productReference = 8E91EAE31DF1CA1E008F39A9 /* French Verbs QuizUITests.xctest */;
			productType = "com.apple.product-type.bundle.ui-testing";
		};
/* End PBXNativeTarget section */

/* Begin PBXProject section */
		8E91EABC1DF1CA1E008F39A9 /* Project object */ = {
			isa = PBXProject;
			attributes = {
				LastSwiftUpdateCheck = 0810;
				LastUpgradeCheck = 1010;
				ORGANIZATIONNAME = "Normand Martin";
				TargetAttributes = {
					8E91EAC31DF1CA1E008F39A9 = {
						CreatedOnToolsVersion = 8.1;
						DevelopmentTeam = X6D769Z7F4;
						LastSwiftMigration = 0900;
						ProvisioningStyle = Automatic;
					};
					8E91EAD71DF1CA1E008F39A9 = {
						CreatedOnToolsVersion = 8.1;
						DevelopmentTeam = X6D769Z7F4;
						LastSwiftMigration = 0900;
						ProvisioningStyle = Automatic;
						TestTargetID = 8E91EAC31DF1CA1E008F39A9;
					};
					8E91EAE21DF1CA1E008F39A9 = {
						CreatedOnToolsVersion = 8.1;
						DevelopmentTeam = X6D769Z7F4;
						LastSwiftMigration = 0900;
						ProvisioningStyle = Automatic;
						TestTargetID = 8E91EAC31DF1CA1E008F39A9;
					};
				};
			};
			buildConfigurationList = 8E91EABF1DF1CA1E008F39A9 /* Build configuration list for PBXProject "French Verbs Quiz" */;
			compatibilityVersion = "Xcode 3.2";
			developmentRegion = English;
			hasScannedForEncodings = 0;
			knownRegions = (
				en,
				Base,
			);
			mainGroup = 8E91EABB1DF1CA1E008F39A9;
			productRefGroup = 8E91EAC51DF1CA1E008F39A9 /* Products */;
			projectDirPath = "";
			projectRoot = "";
			targets = (
				8E91EAC31DF1CA1E008F39A9 /* French Verbs Quiz */,
				8E91EAD71DF1CA1E008F39A9 /* French Verbs QuizTests */,
				8E91EAE21DF1CA1E008F39A9 /* French Verbs QuizUITests */,
			);
		};
/* End PBXProject section */

/* Begin PBXResourcesBuildPhase section */
		8E91EAC21DF1CA1E008F39A9 /* Resources */ = {
			isa = PBXResourcesBuildPhase;
			buildActionMask = 2147483647;
			files = (
				8EDC41AA21A8B92800EE41D2 /* frenchVerbsListAncien2.plist in Resources */,
				8EA41F0521A0A584004D4D42 /* ConjugaisonContextuel.plist in Resources */,
				8E7FC9721DFB4299005C397B /* Error Warning.wav in Resources */,
				8EB91F1D1FACE72500F18F3E /* GoogleService-Info.plist in Resources */,
				8E91EAD21DF1CA1E008F39A9 /* LaunchScreen.storyboard in Resources */,
				8E7FC9741DFB42A0005C397B /* Incoming Text 01.wav in Resources */,
				8EDC423621AB5BB500EE41D2 /* FrenchToEnglish.plist in Resources */,
				8EDC41ED21A9E4FB00EE41D2 /* frenchVerbsList.plist in Resources */,
				8E91EACF1DF1CA1E008F39A9 /* Assets.xcassets in Resources */,
				8E91EACD1DF1CA1E008F39A9 /* Main.storyboard in Resources */,
				8E1155B51F7D7E0D00DB78AF /* Acoustic Trio.wav in Resources */,
				8E91EAFC1DF1D43A008F39A9 /* frenchVerbsListancien.plist in Resources */,
			);
			runOnlyForDeploymentPostprocessing = 0;
		};
		8E91EAD61DF1CA1E008F39A9 /* Resources */ = {
			isa = PBXResourcesBuildPhase;
			buildActionMask = 2147483647;
			files = (
				8EB91F1F1FACE73A00F18F3E /* GoogleService-Info.plist in Resources */,
			);
			runOnlyForDeploymentPostprocessing = 0;
		};
		8E91EAE11DF1CA1E008F39A9 /* Resources */ = {
			isa = PBXResourcesBuildPhase;
			buildActionMask = 2147483647;
			files = (
				8EB91F211FACE74B00F18F3E /* GoogleService-Info.plist in Resources */,
			);
			runOnlyForDeploymentPostprocessing = 0;
		};
/* End PBXResourcesBuildPhase section */

/* Begin PBXShellScriptBuildPhase section */
		0610FC44AE146F33486E2F3C /* [CP] Check Pods Manifest.lock */ = {
			isa = PBXShellScriptBuildPhase;
			buildActionMask = 2147483647;
			files = (
			);
			inputPaths = (
				"${PODS_PODFILE_DIR_PATH}/Podfile.lock",
				"${PODS_ROOT}/Manifest.lock",
			);
			name = "[CP] Check Pods Manifest.lock";
			outputPaths = (
				"$(DERIVED_FILE_DIR)/Pods-French Verbs QuizTests-checkManifestLockResult.txt",
			);
			runOnlyForDeploymentPostprocessing = 0;
			shellPath = /bin/sh;
			shellScript = "diff \"${PODS_PODFILE_DIR_PATH}/Podfile.lock\" \"${PODS_ROOT}/Manifest.lock\" > /dev/null\nif [ $? != 0 ] ; then\n    # print error to STDERR\n    echo \"error: The sandbox is not in sync with the Podfile.lock. Run 'pod install' or update your CocoaPods installation.\" >&2\n    exit 1\nfi\n# This output is used by Xcode 'outputs' to avoid re-running this script phase.\necho \"SUCCESS\" > \"${SCRIPT_OUTPUT_FILE_0}\"\n";
			showEnvVarsInLog = 0;
		};
		2128744E59E3ABCDF42D532E /* [CP] Check Pods Manifest.lock */ = {
			isa = PBXShellScriptBuildPhase;
			buildActionMask = 2147483647;
			files = (
			);
			inputPaths = (
				"${PODS_PODFILE_DIR_PATH}/Podfile.lock",
				"${PODS_ROOT}/Manifest.lock",
			);
			name = "[CP] Check Pods Manifest.lock";
			outputPaths = (
				"$(DERIVED_FILE_DIR)/Pods-French Verbs QuizUITests-checkManifestLockResult.txt",
			);
			runOnlyForDeploymentPostprocessing = 0;
			shellPath = /bin/sh;
			shellScript = "diff \"${PODS_PODFILE_DIR_PATH}/Podfile.lock\" \"${PODS_ROOT}/Manifest.lock\" > /dev/null\nif [ $? != 0 ] ; then\n    # print error to STDERR\n    echo \"error: The sandbox is not in sync with the Podfile.lock. Run 'pod install' or update your CocoaPods installation.\" >&2\n    exit 1\nfi\n# This output is used by Xcode 'outputs' to avoid re-running this script phase.\necho \"SUCCESS\" > \"${SCRIPT_OUTPUT_FILE_0}\"\n";
			showEnvVarsInLog = 0;
		};
		45E0E774229EADB6E6DBD7AA /* [CP] Embed Pods Frameworks */ = {
			isa = PBXShellScriptBuildPhase;
			buildActionMask = 2147483647;
			files = (
			);
			inputPaths = (
				"${SRCROOT}/Pods/Target Support Files/Pods-French Verbs QuizTests/Pods-French Verbs QuizTests-frameworks.sh",
				"${BUILT_PRODUCTS_DIR}/GoogleToolboxForMac/GoogleToolboxForMac.framework",
				"${BUILT_PRODUCTS_DIR}/nanopb/nanopb.framework",
			);
			name = "[CP] Embed Pods Frameworks";
			outputPaths = (
				"${TARGET_BUILD_DIR}/${FRAMEWORKS_FOLDER_PATH}/GoogleToolboxForMac.framework",
				"${TARGET_BUILD_DIR}/${FRAMEWORKS_FOLDER_PATH}/nanopb.framework",
			);
			runOnlyForDeploymentPostprocessing = 0;
			shellPath = /bin/sh;
			shellScript = "\"${SRCROOT}/Pods/Target Support Files/Pods-French Verbs QuizTests/Pods-French Verbs QuizTests-frameworks.sh\"\n";
			showEnvVarsInLog = 0;
		};
		98968515D175EFF317BAB311 /* [CP] Check Pods Manifest.lock */ = {
			isa = PBXShellScriptBuildPhase;
			buildActionMask = 2147483647;
			files = (
			);
			inputPaths = (
				"${PODS_PODFILE_DIR_PATH}/Podfile.lock",
				"${PODS_ROOT}/Manifest.lock",
			);
			name = "[CP] Check Pods Manifest.lock";
			outputPaths = (
				"$(DERIVED_FILE_DIR)/Pods-French Verbs Quiz-checkManifestLockResult.txt",
			);
			runOnlyForDeploymentPostprocessing = 0;
			shellPath = /bin/sh;
			shellScript = "diff \"${PODS_PODFILE_DIR_PATH}/Podfile.lock\" \"${PODS_ROOT}/Manifest.lock\" > /dev/null\nif [ $? != 0 ] ; then\n    # print error to STDERR\n    echo \"error: The sandbox is not in sync with the Podfile.lock. Run 'pod install' or update your CocoaPods installation.\" >&2\n    exit 1\nfi\n# This output is used by Xcode 'outputs' to avoid re-running this script phase.\necho \"SUCCESS\" > \"${SCRIPT_OUTPUT_FILE_0}\"\n";
			showEnvVarsInLog = 0;
		};
		B55C8E24AF76A2942A8E7BE0 /* [CP] Embed Pods Frameworks */ = {
			isa = PBXShellScriptBuildPhase;
			buildActionMask = 2147483647;
			files = (
			);
			inputPaths = (
				"${SRCROOT}/Pods/Target Support Files/Pods-French Verbs Quiz/Pods-French Verbs Quiz-frameworks.sh",
				"${BUILT_PRODUCTS_DIR}/Charts/Charts.framework",
				"${BUILT_PRODUCTS_DIR}/GoogleToolboxForMac/GoogleToolboxForMac.framework",
				"${BUILT_PRODUCTS_DIR}/nanopb/nanopb.framework",
			);
			name = "[CP] Embed Pods Frameworks";
			outputPaths = (
				"${TARGET_BUILD_DIR}/${FRAMEWORKS_FOLDER_PATH}/Charts.framework",
				"${TARGET_BUILD_DIR}/${FRAMEWORKS_FOLDER_PATH}/GoogleToolboxForMac.framework",
				"${TARGET_BUILD_DIR}/${FRAMEWORKS_FOLDER_PATH}/nanopb.framework",
			);
			runOnlyForDeploymentPostprocessing = 0;
			shellPath = /bin/sh;
			shellScript = "\"${SRCROOT}/Pods/Target Support Files/Pods-French Verbs Quiz/Pods-French Verbs Quiz-frameworks.sh\"\n";
			showEnvVarsInLog = 0;
		};
/* End PBXShellScriptBuildPhase section */

/* Begin PBXSourcesBuildPhase section */
		8E91EAC01DF1CA1E008F39A9 /* Sources */ = {
			isa = PBXSourcesBuildPhase;
			buildActionMask = 2147483647;
			files = (
				8EC813021F717E590052F901 /* SelectionQuestion.swift in Sources */,
				8E91EAFE1DF1D88A008F39A9 /* DataStructure.swift in Sources */,
				8E020A791DFDE8FE0075B180 /* StatistiqueTableViewController.swift in Sources */,
				8EDC423A21AC906100EE41D2 /* DifficultyLevel.swift in Sources */,
				8EDC423E21AF124D00EE41D2 /* ChoixFacileVerbeConjugue.swift in Sources */,
				8EA41EFE219E1643004D4D42 /* ChoixTempsEtMode.swift in Sources */,
				8E89C97A21BD6B70005998D3 /* ChoixDeTempsViewController.swift in Sources */,
				8EC812FF1F6C70D50052F901 /* RandomNumberGenerator.swift in Sources */,
				8E6949D421BDC26800D6C3B2 /* ScreenDimension.swift in Sources */,
				8E23527C1F755CAF00C39936 /* TempsVerbesChoisisViewController.swift in Sources */,
				8E020A761DFDCBF90075B180 /* ItemVerbe+CoreDataClass.swift in Sources */,
				8E517D871DF1F63E00EA5087 /* VerbListViewController.swift in Sources */,
				8EA41F00219F6DE0004D4D42 /* ContextuelQuizViewController.swift in Sources */,
				8E1155B21F7C41E400DB78AF /* LogoViewController.swift in Sources */,
				8E1741EC21BED25C005DE317 /* FontsAndConstraintsOptions.swift in Sources */,
				8E517D8B1DF3513300EA5087 /* FinalVerbeViewController.swift in Sources */,
				8E517D891DF2631E00EA5087 /* tempsDeVerbeTableViewController.swift in Sources */,
				8EC813041F71C2220052F901 /* QuestionFinale.swift in Sources */,
				8E91EAC81DF1CA1E008F39A9 /* AppDelegate.swift in Sources */,
				8E517D8D1DF471EA00EA5087 /* QuizOptionsController.swift in Sources */,
				8E7124E8219DE35100A027FF /* ContextuelQuizOptionController.swift in Sources */,
				8E020A671DFC8DCB0075B180 /* VerbesFrancais.xcdatamodeld in Sources */,
				8ECB6F1F21CD77AC00E60DE3 /* UnwindSegueChoice.swift in Sources */,
				8E91EAF81DF1D047008F39A9 /* OptionsViewController.swift in Sources */,
				8E89C97421B8694A005998D3 /* TextFieldProperties.swift in Sources */,
				8E7FC96F1DFB03D3005C397B /* ResultViewController.swift in Sources */,
				8E9482621F5B265200D1F68F /* SpecificVerbViewController.swift in Sources */,
				8E1741F021C5D541005DE317 /* QuizViewController.swift in Sources */,
				8E5EE06C1F7AF61400CC9869 /* FrenchEnglish.swift in Sources */,
				8EDC424021AF160B00EE41D2 /* Sentence.swift in Sources */,
				8E020A771DFDCBF90075B180 /* ItemVerbe+CoreDataProperties.swift in Sources */,
			);
			runOnlyForDeploymentPostprocessing = 0;
		};
		8E91EAD41DF1CA1E008F39A9 /* Sources */ = {
			isa = PBXSourcesBuildPhase;
			buildActionMask = 2147483647;
			files = (
				8E91EADD1DF1CA1E008F39A9 /* French_Verbs_QuizTests.swift in Sources */,
			);
			runOnlyForDeploymentPostprocessing = 0;
		};
		8E91EADF1DF1CA1E008F39A9 /* Sources */ = {
			isa = PBXSourcesBuildPhase;
			buildActionMask = 2147483647;
			files = (
				8E91EAE81DF1CA1E008F39A9 /* French_Verbs_QuizUITests.swift in Sources */,
			);
			runOnlyForDeploymentPostprocessing = 0;
		};
/* End PBXSourcesBuildPhase section */

/* Begin PBXTargetDependency section */
		8E91EADA1DF1CA1E008F39A9 /* PBXTargetDependency */ = {
			isa = PBXTargetDependency;
			target = 8E91EAC31DF1CA1E008F39A9 /* French Verbs Quiz */;
			targetProxy = 8E91EAD91DF1CA1E008F39A9 /* PBXContainerItemProxy */;
		};
		8E91EAE51DF1CA1E008F39A9 /* PBXTargetDependency */ = {
			isa = PBXTargetDependency;
			target = 8E91EAC31DF1CA1E008F39A9 /* French Verbs Quiz */;
			targetProxy = 8E91EAE41DF1CA1E008F39A9 /* PBXContainerItemProxy */;
		};
/* End PBXTargetDependency section */

/* Begin PBXVariantGroup section */
		8E91EACB1DF1CA1E008F39A9 /* Main.storyboard */ = {
			isa = PBXVariantGroup;
			children = (
				8E91EACC1DF1CA1E008F39A9 /* Base */,
			);
			name = Main.storyboard;
			sourceTree = "<group>";
		};
		8E91EAD01DF1CA1E008F39A9 /* LaunchScreen.storyboard */ = {
			isa = PBXVariantGroup;
			children = (
				8E91EAD11DF1CA1E008F39A9 /* Base */,
			);
			name = LaunchScreen.storyboard;
			sourceTree = "<group>";
		};
/* End PBXVariantGroup section */

/* Begin XCBuildConfiguration section */
		8E91EAEA1DF1CA1E008F39A9 /* Debug */ = {
			isa = XCBuildConfiguration;
			buildSettings = {
				ALWAYS_SEARCH_USER_PATHS = NO;
				CLANG_ANALYZER_NONNULL = YES;
				CLANG_CXX_LANGUAGE_STANDARD = "gnu++0x";
				CLANG_CXX_LIBRARY = "libc++";
				CLANG_ENABLE_MODULES = YES;
				CLANG_ENABLE_OBJC_ARC = YES;
				CLANG_WARN_BLOCK_CAPTURE_AUTORELEASING = YES;
				CLANG_WARN_BOOL_CONVERSION = YES;
				CLANG_WARN_COMMA = YES;
				CLANG_WARN_CONSTANT_CONVERSION = YES;
				CLANG_WARN_DEPRECATED_OBJC_IMPLEMENTATIONS = YES;
				CLANG_WARN_DIRECT_OBJC_ISA_USAGE = YES_ERROR;
				CLANG_WARN_DOCUMENTATION_COMMENTS = YES;
				CLANG_WARN_EMPTY_BODY = YES;
				CLANG_WARN_ENUM_CONVERSION = YES;
				CLANG_WARN_INFINITE_RECURSION = YES;
				CLANG_WARN_INT_CONVERSION = YES;
				CLANG_WARN_NON_LITERAL_NULL_CONVERSION = YES;
				CLANG_WARN_OBJC_IMPLICIT_RETAIN_SELF = YES;
				CLANG_WARN_OBJC_LITERAL_CONVERSION = YES;
				CLANG_WARN_OBJC_ROOT_CLASS = YES_ERROR;
				CLANG_WARN_RANGE_LOOP_ANALYSIS = YES;
				CLANG_WARN_STRICT_PROTOTYPES = YES;
				CLANG_WARN_SUSPICIOUS_MOVE = YES;
				CLANG_WARN_SUSPICIOUS_MOVES = YES;
				CLANG_WARN_UNREACHABLE_CODE = YES;
				CLANG_WARN__DUPLICATE_METHOD_MATCH = YES;
				"CODE_SIGN_IDENTITY[sdk=iphoneos*]" = "";
				COPY_PHASE_STRIP = NO;
				DEBUG_INFORMATION_FORMAT = dwarf;
				DEVELOPMENT_TEAM = X6D769Z7F4;
				ENABLE_STRICT_OBJC_MSGSEND = YES;
				ENABLE_TESTABILITY = YES;
				GCC_C_LANGUAGE_STANDARD = gnu99;
				GCC_DYNAMIC_NO_PIC = NO;
				GCC_NO_COMMON_BLOCKS = YES;
				GCC_OPTIMIZATION_LEVEL = 0;
				GCC_PREPROCESSOR_DEFINITIONS = (
					"DEBUG=1",
					"$(inherited)",
				);
				GCC_WARN_64_TO_32_BIT_CONVERSION = YES;
				GCC_WARN_ABOUT_RETURN_TYPE = YES_ERROR;
				GCC_WARN_UNDECLARED_SELECTOR = YES;
				GCC_WARN_UNINITIALIZED_AUTOS = YES_AGGRESSIVE;
				GCC_WARN_UNUSED_FUNCTION = YES;
				GCC_WARN_UNUSED_VARIABLE = YES;
				IPHONEOS_DEPLOYMENT_TARGET = 10.1;
				MTL_ENABLE_DEBUG_INFO = YES;
				ONLY_ACTIVE_ARCH = YES;
				SDKROOT = iphoneos;
				SWIFT_ACTIVE_COMPILATION_CONDITIONS = DEBUG;
				SWIFT_OPTIMIZATION_LEVEL = "-Onone";
				SWIFT_REFLECTION_METADATA_LEVEL = all;
				SWIFT_SWIFT3_OBJC_INFERENCE = Default;
				TARGETED_DEVICE_FAMILY = "1,2";
			};
			name = Debug;
		};
		8E91EAEB1DF1CA1E008F39A9 /* Release */ = {
			isa = XCBuildConfiguration;
			buildSettings = {
				ALWAYS_SEARCH_USER_PATHS = NO;
				CLANG_ANALYZER_NONNULL = YES;
				CLANG_CXX_LANGUAGE_STANDARD = "gnu++0x";
				CLANG_CXX_LIBRARY = "libc++";
				CLANG_ENABLE_MODULES = YES;
				CLANG_ENABLE_OBJC_ARC = YES;
				CLANG_WARN_BLOCK_CAPTURE_AUTORELEASING = YES;
				CLANG_WARN_BOOL_CONVERSION = YES;
				CLANG_WARN_COMMA = YES;
				CLANG_WARN_CONSTANT_CONVERSION = YES;
				CLANG_WARN_DEPRECATED_OBJC_IMPLEMENTATIONS = YES;
				CLANG_WARN_DIRECT_OBJC_ISA_USAGE = YES_ERROR;
				CLANG_WARN_DOCUMENTATION_COMMENTS = YES;
				CLANG_WARN_EMPTY_BODY = YES;
				CLANG_WARN_ENUM_CONVERSION = YES;
				CLANG_WARN_INFINITE_RECURSION = YES;
				CLANG_WARN_INT_CONVERSION = YES;
				CLANG_WARN_NON_LITERAL_NULL_CONVERSION = YES;
				CLANG_WARN_OBJC_IMPLICIT_RETAIN_SELF = YES;
				CLANG_WARN_OBJC_LITERAL_CONVERSION = YES;
				CLANG_WARN_OBJC_ROOT_CLASS = YES_ERROR;
				CLANG_WARN_RANGE_LOOP_ANALYSIS = YES;
				CLANG_WARN_STRICT_PROTOTYPES = YES;
				CLANG_WARN_SUSPICIOUS_MOVE = YES;
				CLANG_WARN_SUSPICIOUS_MOVES = YES;
				CLANG_WARN_UNREACHABLE_CODE = YES;
				CLANG_WARN__DUPLICATE_METHOD_MATCH = YES;
				"CODE_SIGN_IDENTITY[sdk=iphoneos*]" = "";
				COPY_PHASE_STRIP = NO;
				DEBUG_INFORMATION_FORMAT = "dwarf-with-dsym";
				DEVELOPMENT_TEAM = X6D769Z7F4;
				ENABLE_NS_ASSERTIONS = NO;
				ENABLE_STRICT_OBJC_MSGSEND = YES;
				GCC_C_LANGUAGE_STANDARD = gnu99;
				GCC_NO_COMMON_BLOCKS = YES;
				GCC_WARN_64_TO_32_BIT_CONVERSION = YES;
				GCC_WARN_ABOUT_RETURN_TYPE = YES_ERROR;
				GCC_WARN_UNDECLARED_SELECTOR = YES;
				GCC_WARN_UNINITIALIZED_AUTOS = YES_AGGRESSIVE;
				GCC_WARN_UNUSED_FUNCTION = YES;
				GCC_WARN_UNUSED_VARIABLE = YES;
				IPHONEOS_DEPLOYMENT_TARGET = 10.1;
				MTL_ENABLE_DEBUG_INFO = NO;
				SDKROOT = iphoneos;
				SWIFT_OPTIMIZATION_LEVEL = "-Owholemodule";
				SWIFT_REFLECTION_METADATA_LEVEL = all;
				SWIFT_SWIFT3_OBJC_INFERENCE = Default;
				TARGETED_DEVICE_FAMILY = "1,2";
				VALIDATE_PRODUCT = YES;
			};
			name = Release;
		};
		8E91EAED1DF1CA1E008F39A9 /* Debug */ = {
			isa = XCBuildConfiguration;
			baseConfigurationReference = 1BA5716BEF6D4DB8700978AB /* Pods-French Verbs Quiz.debug.xcconfig */;
			buildSettings = {
				ASSETCATALOG_COMPILER_APPICON_NAME = AppIcon;
				"CODE_SIGN_IDENTITY[sdk=iphoneos*]" = "iPhone Developer";
				DEVELOPMENT_TEAM = X6D769Z7F4;
				ENABLE_BITCODE = YES;
				FRAMEWORK_SEARCH_PATHS = (
					"$(inherited)",
					"\"$PODS_CONFIGURATION_BUILD_DIR/GoogleToolboxForMac\"",
					"\"$PODS_CONFIGURATION_BUILD_DIR/nanopb\"",
					"\"${PODS_ROOT}/FirebaseAnalytics/Frameworks\"",
					"\"${PODS_ROOT}/FirebaseCore/Frameworks\"",
					"\"${PODS_ROOT}/FirebaseInstanceID/Frameworks\"",
					"\"${PODS_ROOT}/Google-Mobile-Ads-SDK/Frameworks/frameworks\"",
				);
				INFOPLIST_FILE = "French Verbs Quiz/Info.plist";
				LD_RUNPATH_SEARCH_PATHS = "$(inherited) @executable_path/Frameworks";
				PRODUCT_BUNDLE_IDENTIFIER = "NM.French-Verbs-Quiz";
				PRODUCT_NAME = "$(TARGET_NAME)";
				SWIFT_SWIFT3_OBJC_INFERENCE = Default;
				SWIFT_VERSION = 4.0;
				TARGETED_DEVICE_FAMILY = "1,2";
			};
			name = Debug;
		};
		8E91EAEE1DF1CA1E008F39A9 /* Release */ = {
			isa = XCBuildConfiguration;
			baseConfigurationReference = 96B0F6CC045C7FF71E74B846 /* Pods-French Verbs Quiz.release.xcconfig */;
			buildSettings = {
				ASSETCATALOG_COMPILER_APPICON_NAME = AppIcon;
				"CODE_SIGN_IDENTITY[sdk=iphoneos*]" = "iPhone Developer";
				DEVELOPMENT_TEAM = X6D769Z7F4;
				ENABLE_BITCODE = YES;
				FRAMEWORK_SEARCH_PATHS = (
					"$(inherited)",
					"\"$PODS_CONFIGURATION_BUILD_DIR/GoogleToolboxForMac\"",
					"\"$PODS_CONFIGURATION_BUILD_DIR/nanopb\"",
					"\"${PODS_ROOT}/FirebaseAnalytics/Frameworks\"",
					"\"${PODS_ROOT}/FirebaseCore/Frameworks\"",
					"\"${PODS_ROOT}/FirebaseInstanceID/Frameworks\"",
					"\"${PODS_ROOT}/Google-Mobile-Ads-SDK/Frameworks/frameworks\"",
				);
				INFOPLIST_FILE = "French Verbs Quiz/Info.plist";
				LD_RUNPATH_SEARCH_PATHS = "$(inherited) @executable_path/Frameworks";
				PRODUCT_BUNDLE_IDENTIFIER = "NM.French-Verbs-Quiz";
				PRODUCT_NAME = "$(TARGET_NAME)";
				SWIFT_SWIFT3_OBJC_INFERENCE = Default;
				SWIFT_VERSION = 4.0;
				TARGETED_DEVICE_FAMILY = "1,2";
			};
			name = Release;
		};
		8E91EAF01DF1CA1E008F39A9 /* Debug */ = {
			isa = XCBuildConfiguration;
			baseConfigurationReference = 0A35A38522440C7B14DC46DB /* Pods-French Verbs QuizTests.debug.xcconfig */;
			buildSettings = {
				ALWAYS_EMBED_SWIFT_STANDARD_LIBRARIES = YES;
				BUNDLE_LOADER = "$(TEST_HOST)";
				DEVELOPMENT_TEAM = X6D769Z7F4;
				INFOPLIST_FILE = "French Verbs QuizTests/Info.plist";
				LD_RUNPATH_SEARCH_PATHS = "$(inherited) @executable_path/Frameworks @loader_path/Frameworks";
				PRODUCT_BUNDLE_IDENTIFIER = "NM.French-Verbs-QuizTests";
				PRODUCT_NAME = "$(TARGET_NAME)";
				SWIFT_SWIFT3_OBJC_INFERENCE = Default;
				SWIFT_VERSION = 4.0;
				TEST_HOST = "$(BUILT_PRODUCTS_DIR)/French Verbs Quiz.app/French Verbs Quiz";
			};
			name = Debug;
		};
		8E91EAF11DF1CA1E008F39A9 /* Release */ = {
			isa = XCBuildConfiguration;
			baseConfigurationReference = AB3CB95074CB1CB8358062A9 /* Pods-French Verbs QuizTests.release.xcconfig */;
			buildSettings = {
				ALWAYS_EMBED_SWIFT_STANDARD_LIBRARIES = YES;
				BUNDLE_LOADER = "$(TEST_HOST)";
				DEVELOPMENT_TEAM = X6D769Z7F4;
				INFOPLIST_FILE = "French Verbs QuizTests/Info.plist";
				LD_RUNPATH_SEARCH_PATHS = "$(inherited) @executable_path/Frameworks @loader_path/Frameworks";
				PRODUCT_BUNDLE_IDENTIFIER = "NM.French-Verbs-QuizTests";
				PRODUCT_NAME = "$(TARGET_NAME)";
				SWIFT_SWIFT3_OBJC_INFERENCE = Default;
				SWIFT_VERSION = 4.0;
				TEST_HOST = "$(BUILT_PRODUCTS_DIR)/French Verbs Quiz.app/French Verbs Quiz";
			};
			name = Release;
		};
		8E91EAF31DF1CA1E008F39A9 /* Debug */ = {
			isa = XCBuildConfiguration;
			baseConfigurationReference = 265A86C35B2AD7DC52FDEEE3 /* Pods-French Verbs QuizUITests.debug.xcconfig */;
			buildSettings = {
				ALWAYS_EMBED_SWIFT_STANDARD_LIBRARIES = YES;
				DEVELOPMENT_TEAM = X6D769Z7F4;
				INFOPLIST_FILE = "French Verbs QuizUITests/Info.plist";
				LD_RUNPATH_SEARCH_PATHS = "$(inherited) @executable_path/Frameworks @loader_path/Frameworks";
				PRODUCT_BUNDLE_IDENTIFIER = "NM.French-Verbs-QuizUITests";
				PRODUCT_NAME = "$(TARGET_NAME)";
				SWIFT_REFLECTION_METADATA_LEVEL = all;
				SWIFT_SWIFT3_OBJC_INFERENCE = Default;
				SWIFT_VERSION = 4.0;
				TEST_TARGET_NAME = "French Verbs Quiz";
			};
			name = Debug;
		};
		8E91EAF41DF1CA1E008F39A9 /* Release */ = {
			isa = XCBuildConfiguration;
			baseConfigurationReference = 49D015F477049B0CB6ABA95A /* Pods-French Verbs QuizUITests.release.xcconfig */;
			buildSettings = {
				ALWAYS_EMBED_SWIFT_STANDARD_LIBRARIES = YES;
				DEVELOPMENT_TEAM = X6D769Z7F4;
				INFOPLIST_FILE = "French Verbs QuizUITests/Info.plist";
				LD_RUNPATH_SEARCH_PATHS = "$(inherited) @executable_path/Frameworks @loader_path/Frameworks";
				PRODUCT_BUNDLE_IDENTIFIER = "NM.French-Verbs-QuizUITests";
				PRODUCT_NAME = "$(TARGET_NAME)";
				SWIFT_REFLECTION_METADATA_LEVEL = all;
				SWIFT_SWIFT3_OBJC_INFERENCE = Default;
				SWIFT_VERSION = 4.0;
				TEST_TARGET_NAME = "French Verbs Quiz";
			};
			name = Release;
		};
/* End XCBuildConfiguration section */

/* Begin XCConfigurationList section */
		8E91EABF1DF1CA1E008F39A9 /* Build configuration list for PBXProject "French Verbs Quiz" */ = {
			isa = XCConfigurationList;
			buildConfigurations = (
				8E91EAEA1DF1CA1E008F39A9 /* Debug */,
				8E91EAEB1DF1CA1E008F39A9 /* Release */,
			);
			defaultConfigurationIsVisible = 0;
			defaultConfigurationName = Release;
		};
		8E91EAEC1DF1CA1E008F39A9 /* Build configuration list for PBXNativeTarget "French Verbs Quiz" */ = {
			isa = XCConfigurationList;
			buildConfigurations = (
				8E91EAED1DF1CA1E008F39A9 /* Debug */,
				8E91EAEE1DF1CA1E008F39A9 /* Release */,
			);
			defaultConfigurationIsVisible = 0;
			defaultConfigurationName = Release;
		};
		8E91EAEF1DF1CA1E008F39A9 /* Build configuration list for PBXNativeTarget "French Verbs QuizTests" */ = {
			isa = XCConfigurationList;
			buildConfigurations = (
				8E91EAF01DF1CA1E008F39A9 /* Debug */,
				8E91EAF11DF1CA1E008F39A9 /* Release */,
			);
			defaultConfigurationIsVisible = 0;
			defaultConfigurationName = Release;
		};
		8E91EAF21DF1CA1E008F39A9 /* Build configuration list for PBXNativeTarget "French Verbs QuizUITests" */ = {
			isa = XCConfigurationList;
			buildConfigurations = (
				8E91EAF31DF1CA1E008F39A9 /* Debug */,
				8E91EAF41DF1CA1E008F39A9 /* Release */,
			);
			defaultConfigurationIsVisible = 0;
			defaultConfigurationName = Release;
		};
/* End XCConfigurationList section */

/* Begin XCVersionGroup section */
		8E020A651DFC8DCB0075B180 /* VerbesFrancais.xcdatamodeld */ = {
			isa = XCVersionGroup;
			children = (
				8E020A661DFC8DCB0075B180 /* VerbesFrancais.xcdatamodel */,
			);
			currentVersion = 8E020A661DFC8DCB0075B180 /* VerbesFrancais.xcdatamodel */;
			path = VerbesFrancais.xcdatamodeld;
			sourceTree = "<group>";
			versionGroupType = wrapper.xcdatamodel;
		};
/* End XCVersionGroup section */
	};
	rootObject = 8E91EABC1DF1CA1E008F39A9 /* Project object */;
}
